// !$*UTF8*$!
{
	archiveVersion = 1;
	classes = {
	};
	objectVersion = 77;
	objects = {

/* Begin PBXBuildFile section */
		18026D102DD3DF9700BBD9C3 /* CredentialedLoginView.swift in Sources */ = {isa = PBXBuildFile; fileRef = 18026CD22DD3DF9700BBD9C3 /* CredentialedLoginView.swift */; };
		18026D122DD3DF9700BBD9C3 /* OneTimeCodeView.swift in Sources */ = {isa = PBXBuildFile; fileRef = 18026CD42DD3DF9700BBD9C3 /* OneTimeCodeView.swift */; };
		18026D132DD3DF9700BBD9C3 /* RegisterView.swift in Sources */ = {isa = PBXBuildFile; fileRef = 18026CD52DD3DF9700BBD9C3 /* RegisterView.swift */; };
		18026D142DD3DF9700BBD9C3 /* SplashScreenView.swift in Sources */ = {isa = PBXBuildFile; fileRef = 18026CD62DD3DF9700BBD9C3 /* SplashScreenView.swift */; };
		18026D152DD3DF9700BBD9C3 /* CommentRepository.swift in Sources */ = {isa = PBXBuildFile; fileRef = 18026CD82DD3DF9700BBD9C3 /* CommentRepository.swift */; };
		18026D162DD3DF9700BBD9C3 /* CommentsView.swift in Sources */ = {isa = PBXBuildFile; fileRef = 18026CD92DD3DF9700BBD9C3 /* CommentsView.swift */; };
		18026D172DD3DF9700BBD9C3 /* CommentViewModel.swift in Sources */ = {isa = PBXBuildFile; fileRef = 18026CDA2DD3DF9700BBD9C3 /* CommentViewModel.swift */; };
		18026D182DD3DF9700BBD9C3 /* MockCommentRepository.swift in Sources */ = {isa = PBXBuildFile; fileRef = 18026CDB2DD3DF9700BBD9C3 /* MockCommentRepository.swift */; };
		18026D192DD3DF9700BBD9C3 /* APIService.swift in Sources */ = {isa = PBXBuildFile; fileRef = 18026CE02DD3DF9700BBD9C3 /* APIService.swift */; };
		18026D1C2DD3DF9700BBD9C3 /* Routing.swift in Sources */ = {isa = PBXBuildFile; fileRef = 18026CE32DD3DF9700BBD9C3 /* Routing.swift */; };
		18026D1D2DD3DF9700BBD9C3 /* Zoomable.swift in Sources */ = {isa = PBXBuildFile; fileRef = 18026CE42DD3DF9700BBD9C3 /* Zoomable.swift */; };
		18026D1E2DD3DF9700BBD9C3 /* FeedContainerView.swift in Sources */ = {isa = PBXBuildFile; fileRef = 18026CE62DD3DF9700BBD9C3 /* FeedContainerView.swift */; };
		18026D1F2DD3DF9700BBD9C3 /* FeedRefreshManager.swift in Sources */ = {isa = PBXBuildFile; fileRef = 18026CE72DD3DF9700BBD9C3 /* FeedRefreshManager.swift */; };
		18026D222DD3DF9700BBD9C3 /* PostRepository.swift in Sources */ = {isa = PBXBuildFile; fileRef = 18026CEA2DD3DF9700BBD9C3 /* PostRepository.swift */; };
		18026D242DD3DF9700BBD9C3 /* MockNotificationService.swift in Sources */ = {isa = PBXBuildFile; fileRef = 18026CEE2DD3DF9700BBD9C3 /* MockNotificationService.swift */; };
		18026D252DD3DF9700BBD9C3 /* NotificationRepository.swift in Sources */ = {isa = PBXBuildFile; fileRef = 18026CEF2DD3DF9700BBD9C3 /* NotificationRepository.swift */; };
		18026D262DD3DF9700BBD9C3 /* NotificationsView.swift in Sources */ = {isa = PBXBuildFile; fileRef = 18026CF02DD3DF9700BBD9C3 /* NotificationsView.swift */; };
		18026D272DD3DF9700BBD9C3 /* NotificationsViewModel.swift in Sources */ = {isa = PBXBuildFile; fileRef = 18026CF12DD3DF9700BBD9C3 /* NotificationsViewModel.swift */; };
		18026D282DD3DF9700BBD9C3 /* MentionTextEditor.swift in Sources */ = {isa = PBXBuildFile; fileRef = 18026CF32DD3DF9700BBD9C3 /* MentionTextEditor.swift */; };
		18026D292DD3DF9700BBD9C3 /* MentionTextEditorViewModel.swift in Sources */ = {isa = PBXBuildFile; fileRef = 18026CF42DD3DF9700BBD9C3 /* MentionTextEditorViewModel.swift */; };
		18026D2A2DD3DF9700BBD9C3 /* NewPostRepository.swift in Sources */ = {isa = PBXBuildFile; fileRef = 18026CF52DD3DF9700BBD9C3 /* NewPostRepository.swift */; };
		18026D2B2DD3DF9700BBD9C3 /* NewPostView.swift in Sources */ = {isa = PBXBuildFile; fileRef = 18026CF62DD3DF9700BBD9C3 /* NewPostView.swift */; };
		18026D2C2DD3DF9700BBD9C3 /* NewPostViewModel.swift in Sources */ = {isa = PBXBuildFile; fileRef = 18026CF72DD3DF9700BBD9C3 /* NewPostViewModel.swift */; };
		18026D2D2DD3DF9700BBD9C3 /* StandalonePostView.swift in Sources */ = {isa = PBXBuildFile; fileRef = 18026CF92DD3DF9700BBD9C3 /* StandalonePostView.swift */; };
		18026D2E2DD3DF9700BBD9C3 /* StandalonePostViewModel.swift in Sources */ = {isa = PBXBuildFile; fileRef = 18026CFA2DD3DF9700BBD9C3 /* StandalonePostViewModel.swift */; };
		18026D2F2DD3DF9700BBD9C3 /* ContentTextView.swift in Sources */ = {isa = PBXBuildFile; fileRef = 18026CFC2DD3DF9700BBD9C3 /* ContentTextView.swift */; };
		18026D302DD3DF9700BBD9C3 /* ImageGallery.swift in Sources */ = {isa = PBXBuildFile; fileRef = 18026CFD2DD3DF9700BBD9C3 /* ImageGallery.swift */; };
		18026D322DD3DF9700BBD9C3 /* ZoomableAsyncImage.swift in Sources */ = {isa = PBXBuildFile; fileRef = 18026CFF2DD3DF9700BBD9C3 /* ZoomableAsyncImage.swift */; };
		18026D332DD3DF9700BBD9C3 /* CurrentProfileView.swift in Sources */ = {isa = PBXBuildFile; fileRef = 18026D012DD3DF9700BBD9C3 /* CurrentProfileView.swift */; };
		18026D342DD3DF9700BBD9C3 /* ProfileEditorView.swift in Sources */ = {isa = PBXBuildFile; fileRef = 18026D022DD3DF9700BBD9C3 /* ProfileEditorView.swift */; };
		18026D352DD3DF9700BBD9C3 /* ProfileRepository.swift in Sources */ = {isa = PBXBuildFile; fileRef = 18026D032DD3DF9700BBD9C3 /* ProfileRepository.swift */; };
		18026D362DD3DF9700BBD9C3 /* ProfileView.swift in Sources */ = {isa = PBXBuildFile; fileRef = 18026D042DD3DF9700BBD9C3 /* ProfileView.swift */; };
		18026D382DD3DF9700BBD9C3 /* AttributedTextEditor.swift in Sources */ = {isa = PBXBuildFile; fileRef = 18026D072DD3DF9700BBD9C3 /* AttributedTextEditor.swift */; };
		18026D392DD3DF9700BBD9C3 /* SettingsView.swift in Sources */ = {isa = PBXBuildFile; fileRef = 18026D0A2DD3DF9700BBD9C3 /* SettingsView.swift */; };
		18026D3D2DD3DF9D00BBD9C3 /* Assets.xcassets in Resources */ = {isa = PBXBuildFile; fileRef = 18026D3B2DD3DF9D00BBD9C3 /* Assets.xcassets */; };
		18A617E82D9B2D6000B93F08 /* FeedView.swift in Sources */ = {isa = PBXBuildFile; fileRef = 18A617D92D9B2D6000B93F08 /* FeedView.swift */; };
		18A617E92D9B2D6000B93F08 /* FeedViewModel.swift in Sources */ = {isa = PBXBuildFile; fileRef = 18A617DA2D9B2D6000B93F08 /* FeedViewModel.swift */; };
		18A617EA2D9B2D6000B93F08 /* AuthManager.swift in Sources */ = {isa = PBXBuildFile; fileRef = 18A617D62D9B2D6000B93F08 /* AuthManager.swift */; };
		18A617EB2D9B2D6000B93F08 /* KeychainHelper.swift in Sources */ = {isa = PBXBuildFile; fileRef = 18A617D72D9B2D6000B93F08 /* KeychainHelper.swift */; };
		18A617EC2D9B2D6000B93F08 /* SplajompyApp.swift in Sources */ = {isa = PBXBuildFile; fileRef = 18A617E52D9B2D6000B93F08 /* SplajompyApp.swift */; };
		18A617ED2D9B2D6000B93F08 /* ProfileViewModel.swift in Sources */ = {isa = PBXBuildFile; fileRef = 18A617E22D9B2D6000B93F08 /* ProfileViewModel.swift */; };
		18A617EE2D9B2D6000B93F08 /* models.swift in Sources */ = {isa = PBXBuildFile; fileRef = 18A617DC2D9B2D6000B93F08 /* models.swift */; };
		18A617F02D9B2D6000B93F08 /* LoginView.swift in Sources */ = {isa = PBXBuildFile; fileRef = 18A617CF2D9B2D6000B93F08 /* LoginView.swift */; };
		18A617F12D9B2D6000B93F08 /* PostView.swift in Sources */ = {isa = PBXBuildFile; fileRef = 18A617DF2D9B2D6000B93F08 /* PostView.swift */; };
		18B2F2EA2DA88B6E002FD373 /* Launch Screen.storyboard in Resources */ = {isa = PBXBuildFile; fileRef = 18B2F2E92DA88B6E002FD373 /* Launch Screen.storyboard */; };
		18E435E82DB29069003A0999 /* Kingfisher in Frameworks */ = {isa = PBXBuildFile; productRef = 18E435E72DB29069003A0999 /* Kingfisher */; settings = {ATTRIBUTES = (Required, ); }; };
/* End PBXBuildFile section */

/* Begin PBXContainerItemProxy section */
		184A63DC2D88CBA200860D6B /* PBXContainerItemProxy */ = {
			isa = PBXContainerItemProxy;
			containerPortal = 184A63C32D88CBA000860D6B /* Project object */;
			proxyType = 1;
			remoteGlobalIDString = 184A63CA2D88CBA000860D6B;
			remoteInfo = Splajompy;
		};
		184A63E62D88CBA200860D6B /* PBXContainerItemProxy */ = {
			isa = PBXContainerItemProxy;
			containerPortal = 184A63C32D88CBA000860D6B /* Project object */;
			proxyType = 1;
			remoteGlobalIDString = 184A63CA2D88CBA000860D6B;
			remoteInfo = Splajompy;
		};
/* End PBXContainerItemProxy section */

/* Begin PBXFileReference section */
		18026CD22DD3DF9700BBD9C3 /* CredentialedLoginView.swift */ = {isa = PBXFileReference; lastKnownFileType = sourcecode.swift; path = CredentialedLoginView.swift; sourceTree = "<group>"; };
		18026CD32DD3DF9700BBD9C3 /* LoginView.swift */ = {isa = PBXFileReference; lastKnownFileType = sourcecode.swift; path = LoginView.swift; sourceTree = "<group>"; };
		18026CD42DD3DF9700BBD9C3 /* OneTimeCodeView.swift */ = {isa = PBXFileReference; lastKnownFileType = sourcecode.swift; path = OneTimeCodeView.swift; sourceTree = "<group>"; };
		18026CD52DD3DF9700BBD9C3 /* RegisterView.swift */ = {isa = PBXFileReference; lastKnownFileType = sourcecode.swift; path = RegisterView.swift; sourceTree = "<group>"; };
		18026CD62DD3DF9700BBD9C3 /* SplashScreenView.swift */ = {isa = PBXFileReference; lastKnownFileType = sourcecode.swift; path = SplashScreenView.swift; sourceTree = "<group>"; };
		18026CD82DD3DF9700BBD9C3 /* CommentRepository.swift */ = {isa = PBXFileReference; lastKnownFileType = sourcecode.swift; path = CommentRepository.swift; sourceTree = "<group>"; };
		18026CD92DD3DF9700BBD9C3 /* CommentsView.swift */ = {isa = PBXFileReference; lastKnownFileType = sourcecode.swift; path = CommentsView.swift; sourceTree = "<group>"; };
		18026CDA2DD3DF9700BBD9C3 /* CommentViewModel.swift */ = {isa = PBXFileReference; lastKnownFileType = sourcecode.swift; path = CommentViewModel.swift; sourceTree = "<group>"; };
		18026CDB2DD3DF9700BBD9C3 /* MockCommentRepository.swift */ = {isa = PBXFileReference; lastKnownFileType = sourcecode.swift; path = MockCommentRepository.swift; sourceTree = "<group>"; };
		18026CDD2DD3DF9700BBD9C3 /* Debug.xcconfig */ = {isa = PBXFileReference; lastKnownFileType = text.xcconfig; path = Debug.xcconfig; sourceTree = "<group>"; };
		18026CDE2DD3DF9700BBD9C3 /* Release.xcconfig */ = {isa = PBXFileReference; lastKnownFileType = text.xcconfig; path = Release.xcconfig; sourceTree = "<group>"; };
		18026CE02DD3DF9700BBD9C3 /* APIService.swift */ = {isa = PBXFileReference; lastKnownFileType = sourcecode.swift; path = APIService.swift; sourceTree = "<group>"; };
		18026CE12DD3DF9700BBD9C3 /* AuthManager.swift */ = {isa = PBXFileReference; lastKnownFileType = sourcecode.swift; path = AuthManager.swift; sourceTree = "<group>"; };
		18026CE22DD3DF9700BBD9C3 /* KeychainHelper.swift */ = {isa = PBXFileReference; lastKnownFileType = sourcecode.swift; path = KeychainHelper.swift; sourceTree = "<group>"; };
		18026CE32DD3DF9700BBD9C3 /* Routing.swift */ = {isa = PBXFileReference; lastKnownFileType = sourcecode.swift; path = Routing.swift; sourceTree = "<group>"; };
		18026CE42DD3DF9700BBD9C3 /* Zoomable.swift */ = {isa = PBXFileReference; lastKnownFileType = sourcecode.swift; path = Zoomable.swift; sourceTree = "<group>"; };
		18026CE62DD3DF9700BBD9C3 /* FeedContainerView.swift */ = {isa = PBXFileReference; lastKnownFileType = sourcecode.swift; path = FeedContainerView.swift; sourceTree = "<group>"; };
		18026CE72DD3DF9700BBD9C3 /* FeedRefreshManager.swift */ = {isa = PBXFileReference; lastKnownFileType = sourcecode.swift; path = FeedRefreshManager.swift; sourceTree = "<group>"; };
		18026CE82DD3DF9700BBD9C3 /* FeedView.swift */ = {isa = PBXFileReference; lastKnownFileType = sourcecode.swift; path = FeedView.swift; sourceTree = "<group>"; };
		18026CE92DD3DF9700BBD9C3 /* FeedViewModel.swift */ = {isa = PBXFileReference; lastKnownFileType = sourcecode.swift; path = FeedViewModel.swift; sourceTree = "<group>"; };
		18026CEA2DD3DF9700BBD9C3 /* PostRepository.swift */ = {isa = PBXFileReference; lastKnownFileType = sourcecode.swift; path = PostRepository.swift; sourceTree = "<group>"; };
		18026CEC2DD3DF9700BBD9C3 /* models.swift */ = {isa = PBXFileReference; lastKnownFileType = sourcecode.swift; path = models.swift; sourceTree = "<group>"; };
		18026CEE2DD3DF9700BBD9C3 /* MockNotificationService.swift */ = {isa = PBXFileReference; lastKnownFileType = sourcecode.swift; path = MockNotificationService.swift; sourceTree = "<group>"; };
		18026CEF2DD3DF9700BBD9C3 /* NotificationRepository.swift */ = {isa = PBXFileReference; lastKnownFileType = sourcecode.swift; path = NotificationRepository.swift; sourceTree = "<group>"; };
		18026CF02DD3DF9700BBD9C3 /* NotificationsView.swift */ = {isa = PBXFileReference; lastKnownFileType = sourcecode.swift; path = NotificationsView.swift; sourceTree = "<group>"; };
		18026CF12DD3DF9700BBD9C3 /* NotificationsViewModel.swift */ = {isa = PBXFileReference; lastKnownFileType = sourcecode.swift; path = NotificationsViewModel.swift; sourceTree = "<group>"; };
		18026CF32DD3DF9700BBD9C3 /* MentionTextEditor.swift */ = {isa = PBXFileReference; lastKnownFileType = sourcecode.swift; path = MentionTextEditor.swift; sourceTree = "<group>"; };
		18026CF42DD3DF9700BBD9C3 /* MentionTextEditorViewModel.swift */ = {isa = PBXFileReference; lastKnownFileType = sourcecode.swift; path = MentionTextEditorViewModel.swift; sourceTree = "<group>"; };
		18026CF52DD3DF9700BBD9C3 /* NewPostRepository.swift */ = {isa = PBXFileReference; lastKnownFileType = sourcecode.swift; path = NewPostRepository.swift; sourceTree = "<group>"; };
		18026CF62DD3DF9700BBD9C3 /* NewPostView.swift */ = {isa = PBXFileReference; lastKnownFileType = sourcecode.swift; path = NewPostView.swift; sourceTree = "<group>"; };
		18026CF72DD3DF9700BBD9C3 /* NewPostViewModel.swift */ = {isa = PBXFileReference; lastKnownFileType = sourcecode.swift; path = NewPostViewModel.swift; sourceTree = "<group>"; };
		18026CF92DD3DF9700BBD9C3 /* StandalonePostView.swift */ = {isa = PBXFileReference; lastKnownFileType = sourcecode.swift; path = StandalonePostView.swift; sourceTree = "<group>"; };
		18026CFA2DD3DF9700BBD9C3 /* StandalonePostViewModel.swift */ = {isa = PBXFileReference; lastKnownFileType = sourcecode.swift; path = StandalonePostViewModel.swift; sourceTree = "<group>"; };
		18026CFC2DD3DF9700BBD9C3 /* ContentTextView.swift */ = {isa = PBXFileReference; lastKnownFileType = sourcecode.swift; path = ContentTextView.swift; sourceTree = "<group>"; };
		18026CFD2DD3DF9700BBD9C3 /* ImageGallery.swift */ = {isa = PBXFileReference; lastKnownFileType = sourcecode.swift; path = ImageGallery.swift; sourceTree = "<group>"; };
		18026CFE2DD3DF9700BBD9C3 /* PostView.swift */ = {isa = PBXFileReference; lastKnownFileType = sourcecode.swift; path = PostView.swift; sourceTree = "<group>"; };
		18026CFF2DD3DF9700BBD9C3 /* ZoomableAsyncImage.swift */ = {isa = PBXFileReference; lastKnownFileType = sourcecode.swift; path = ZoomableAsyncImage.swift; sourceTree = "<group>"; };
		18026D012DD3DF9700BBD9C3 /* CurrentProfileView.swift */ = {isa = PBXFileReference; lastKnownFileType = sourcecode.swift; path = CurrentProfileView.swift; sourceTree = "<group>"; };
		18026D022DD3DF9700BBD9C3 /* ProfileEditorView.swift */ = {isa = PBXFileReference; lastKnownFileType = sourcecode.swift; path = ProfileEditorView.swift; sourceTree = "<group>"; };
		18026D032DD3DF9700BBD9C3 /* ProfileRepository.swift */ = {isa = PBXFileReference; lastKnownFileType = sourcecode.swift; path = ProfileRepository.swift; sourceTree = "<group>"; };
		18026D042DD3DF9700BBD9C3 /* ProfileView.swift */ = {isa = PBXFileReference; lastKnownFileType = sourcecode.swift; path = ProfileView.swift; sourceTree = "<group>"; };
		18026D052DD3DF9700BBD9C3 /* ProfileViewModel.swift */ = {isa = PBXFileReference; lastKnownFileType = sourcecode.swift; path = ProfileViewModel.swift; sourceTree = "<group>"; };
		18026D072DD3DF9700BBD9C3 /* AttributedTextEditor.swift */ = {isa = PBXFileReference; lastKnownFileType = sourcecode.swift; path = AttributedTextEditor.swift; sourceTree = "<group>"; };
		18026D092DD3DF9700BBD9C3 /* Info.plist */ = {isa = PBXFileReference; lastKnownFileType = text.plist.xml; path = Info.plist; sourceTree = "<group>"; };
		18026D0A2DD3DF9700BBD9C3 /* SettingsView.swift */ = {isa = PBXFileReference; lastKnownFileType = sourcecode.swift; path = SettingsView.swift; sourceTree = "<group>"; };
		18026D0B2DD3DF9700BBD9C3 /* SplajompyApp.swift */ = {isa = PBXFileReference; lastKnownFileType = sourcecode.swift; path = SplajompyApp.swift; sourceTree = "<group>"; };
		18026D3B2DD3DF9D00BBD9C3 /* Assets.xcassets */ = {isa = PBXFileReference; lastKnownFileType = folder.assetcatalog; path = Assets.xcassets; sourceTree = "<group>"; };
		184A63CB2D88CBA100860D6B /* Splajompy.app */ = {isa = PBXFileReference; explicitFileType = wrapper.application; includeInIndex = 0; path = Splajompy.app; sourceTree = BUILT_PRODUCTS_DIR; };
		184A63DB2D88CBA200860D6B /* SplajompyTests.xctest */ = {isa = PBXFileReference; explicitFileType = wrapper.cfbundle; includeInIndex = 0; path = SplajompyTests.xctest; sourceTree = BUILT_PRODUCTS_DIR; };
		184A63E52D88CBA200860D6B /* SplajompyUITests.xctest */ = {isa = PBXFileReference; explicitFileType = wrapper.cfbundle; includeInIndex = 0; path = SplajompyUITests.xctest; sourceTree = BUILT_PRODUCTS_DIR; };
		18A617CF2D9B2D6000B93F08 /* LoginView.swift */ = {isa = PBXFileReference; lastKnownFileType = sourcecode.swift; path = LoginView.swift; sourceTree = "<group>"; };
		18A617D02D9B2D6000B93F08 /* RegistrationView.swift */ = {isa = PBXFileReference; lastKnownFileType = sourcecode.swift; path = RegistrationView.swift; sourceTree = "<group>"; };
		18A617D22D9B2D6000B93F08 /* CommentsView.swift */ = {isa = PBXFileReference; lastKnownFileType = sourcecode.swift; path = CommentsView.swift; sourceTree = "<group>"; };
		18A617D32D9B2D6000B93F08 /* CommentViewModel.swift */ = {isa = PBXFileReference; lastKnownFileType = sourcecode.swift; path = CommentViewModel.swift; sourceTree = "<group>"; };
		18A617D52D9B2D6000B93F08 /* APIService.swift */ = {isa = PBXFileReference; lastKnownFileType = sourcecode.swift; path = APIService.swift; sourceTree = "<group>"; };
		18A617D62D9B2D6000B93F08 /* AuthManager.swift */ = {isa = PBXFileReference; lastKnownFileType = sourcecode.swift; path = AuthManager.swift; sourceTree = "<group>"; };
		18A617D72D9B2D6000B93F08 /* KeychainHelper.swift */ = {isa = PBXFileReference; lastKnownFileType = sourcecode.swift; path = KeychainHelper.swift; sourceTree = "<group>"; };
		18A617D92D9B2D6000B93F08 /* FeedView.swift */ = {isa = PBXFileReference; lastKnownFileType = sourcecode.swift; path = FeedView.swift; sourceTree = "<group>"; };
		18A617DA2D9B2D6000B93F08 /* FeedViewModel.swift */ = {isa = PBXFileReference; lastKnownFileType = sourcecode.swift; path = FeedViewModel.swift; sourceTree = "<group>"; };
		18A617DC2D9B2D6000B93F08 /* models.swift */ = {isa = PBXFileReference; lastKnownFileType = sourcecode.swift; path = models.swift; sourceTree = "<group>"; };
		18A617DE2D9B2D6000B93F08 /* ImageCarousel.swift */ = {isa = PBXFileReference; lastKnownFileType = sourcecode.swift; path = ImageCarousel.swift; sourceTree = "<group>"; };
		18A617DF2D9B2D6000B93F08 /* PostView.swift */ = {isa = PBXFileReference; lastKnownFileType = sourcecode.swift; path = PostView.swift; sourceTree = "<group>"; };
		18A617E12D9B2D6000B93F08 /* ProfileView.swift */ = {isa = PBXFileReference; lastKnownFileType = sourcecode.swift; path = ProfileView.swift; sourceTree = "<group>"; };
		18A617E22D9B2D6000B93F08 /* ProfileViewModel.swift */ = {isa = PBXFileReference; lastKnownFileType = sourcecode.swift; path = ProfileViewModel.swift; sourceTree = "<group>"; };
		18A617E42D9B2D6000B93F08 /* Preview Content.xcassets */ = {isa = PBXFileReference; lastKnownFileType = folder.assetcatalog; path = "Preview Content.xcassets"; sourceTree = "<group>"; };
		18A617E52D9B2D6000B93F08 /* SplajompyApp.swift */ = {isa = PBXFileReference; lastKnownFileType = sourcecode.swift; path = SplajompyApp.swift; sourceTree = "<group>"; };
		18B2F2E92DA88B6E002FD373 /* Launch Screen.storyboard */ = {isa = PBXFileReference; lastKnownFileType = file.storyboard; path = "Launch Screen.storyboard"; sourceTree = "<group>"; };
/* End PBXFileReference section */

/* Begin PBXFrameworksBuildPhase section */
		184A63C82D88CBA000860D6B /* Frameworks */ = {
			isa = PBXFrameworksBuildPhase;
			buildActionMask = 2147483647;
			files = (
				18E435E82DB29069003A0999 /* Kingfisher in Frameworks */,
			);
			runOnlyForDeploymentPostprocessing = 0;
		};
		184A63D82D88CBA200860D6B /* Frameworks */ = {
			isa = PBXFrameworksBuildPhase;
			buildActionMask = 2147483647;
			files = (
			);
			runOnlyForDeploymentPostprocessing = 0;
		};
		184A63E22D88CBA200860D6B /* Frameworks */ = {
			isa = PBXFrameworksBuildPhase;
			buildActionMask = 2147483647;
			files = (
			);
			runOnlyForDeploymentPostprocessing = 0;
		};
/* End PBXFrameworksBuildPhase section */

/* Begin PBXGroup section */
		18026CD72DD3DF9700BBD9C3 /* Authentication */ = {
			isa = PBXGroup;
			children = (
				18026CD22DD3DF9700BBD9C3 /* CredentialedLoginView.swift */,
				18026CD32DD3DF9700BBD9C3 /* LoginView.swift */,
				18026CD42DD3DF9700BBD9C3 /* OneTimeCodeView.swift */,
				18026CD52DD3DF9700BBD9C3 /* RegisterView.swift */,
				18026CD62DD3DF9700BBD9C3 /* SplashScreenView.swift */,
			);
			path = Authentication;
			sourceTree = "<group>";
		};
		18026CDC2DD3DF9700BBD9C3 /* Comments */ = {
			isa = PBXGroup;
			children = (
				18026CD82DD3DF9700BBD9C3 /* CommentRepository.swift */,
				18026CD92DD3DF9700BBD9C3 /* CommentsView.swift */,
				18026CDA2DD3DF9700BBD9C3 /* CommentViewModel.swift */,
				18026CDB2DD3DF9700BBD9C3 /* MockCommentRepository.swift */,
			);
			path = Comments;
			sourceTree = "<group>";
		};
		18026CDF2DD3DF9700BBD9C3 /* Configuration */ = {
			isa = PBXGroup;
			children = (
				18026CDD2DD3DF9700BBD9C3 /* Debug.xcconfig */,
				18026CDE2DD3DF9700BBD9C3 /* Release.xcconfig */,
			);
			path = Configuration;
			sourceTree = "<group>";
		};
		18026CE52DD3DF9700BBD9C3 /* Extensions */ = {
			isa = PBXGroup;
			children = (
				18026CE02DD3DF9700BBD9C3 /* APIService.swift */,
				18026CE12DD3DF9700BBD9C3 /* AuthManager.swift */,
				18026CE22DD3DF9700BBD9C3 /* KeychainHelper.swift */,
				18026CE32DD3DF9700BBD9C3 /* Routing.swift */,
				18026CE42DD3DF9700BBD9C3 /* Zoomable.swift */,
			);
			path = Extensions;
			sourceTree = "<group>";
		};
		18026CEB2DD3DF9700BBD9C3 /* Feed */ = {
			isa = PBXGroup;
			children = (
				18026CE62DD3DF9700BBD9C3 /* FeedContainerView.swift */,
				18026CE72DD3DF9700BBD9C3 /* FeedRefreshManager.swift */,
				18026CE82DD3DF9700BBD9C3 /* FeedView.swift */,
				18026CE92DD3DF9700BBD9C3 /* FeedViewModel.swift */,
				18026CEA2DD3DF9700BBD9C3 /* PostRepository.swift */,
			);
			path = Feed;
			sourceTree = "<group>";
		};
		18026CED2DD3DF9700BBD9C3 /* Models */ = {
			isa = PBXGroup;
			children = (
				18026CEC2DD3DF9700BBD9C3 /* models.swift */,
			);
			path = Models;
			sourceTree = "<group>";
		};
		18026CF22DD3DF9700BBD9C3 /* Notifications */ = {
			isa = PBXGroup;
			children = (
				18026CEE2DD3DF9700BBD9C3 /* MockNotificationService.swift */,
				18026CEF2DD3DF9700BBD9C3 /* NotificationRepository.swift */,
				18026CF02DD3DF9700BBD9C3 /* NotificationsView.swift */,
				18026CF12DD3DF9700BBD9C3 /* NotificationsViewModel.swift */,
			);
			path = Notifications;
			sourceTree = "<group>";
		};
		18026CF82DD3DF9700BBD9C3 /* New */ = {
			isa = PBXGroup;
			children = (
				18026CF32DD3DF9700BBD9C3 /* MentionTextEditor.swift */,
				18026CF42DD3DF9700BBD9C3 /* MentionTextEditorViewModel.swift */,
				18026CF52DD3DF9700BBD9C3 /* NewPostRepository.swift */,
				18026CF62DD3DF9700BBD9C3 /* NewPostView.swift */,
				18026CF72DD3DF9700BBD9C3 /* NewPostViewModel.swift */,
			);
			path = New;
			sourceTree = "<group>";
		};
		18026CFB2DD3DF9700BBD9C3 /* Standalone */ = {
			isa = PBXGroup;
			children = (
				18026CF92DD3DF9700BBD9C3 /* StandalonePostView.swift */,
				18026CFA2DD3DF9700BBD9C3 /* StandalonePostViewModel.swift */,
			);
			path = Standalone;
			sourceTree = "<group>";
		};
		18026D002DD3DF9700BBD9C3 /* Posts */ = {
			isa = PBXGroup;
			children = (
				18026CF82DD3DF9700BBD9C3 /* New */,
				18026CFB2DD3DF9700BBD9C3 /* Standalone */,
				18026CFC2DD3DF9700BBD9C3 /* ContentTextView.swift */,
				18026CFD2DD3DF9700BBD9C3 /* ImageGallery.swift */,
				18026CFE2DD3DF9700BBD9C3 /* PostView.swift */,
				18026CFF2DD3DF9700BBD9C3 /* ZoomableAsyncImage.swift */,
			);
			path = Posts;
			sourceTree = "<group>";
		};
		18026D062DD3DF9700BBD9C3 /* Profile */ = {
			isa = PBXGroup;
			children = (
				18026D012DD3DF9700BBD9C3 /* CurrentProfileView.swift */,
				18026D022DD3DF9700BBD9C3 /* ProfileEditorView.swift */,
				18026D032DD3DF9700BBD9C3 /* ProfileRepository.swift */,
				18026D042DD3DF9700BBD9C3 /* ProfileView.swift */,
				18026D052DD3DF9700BBD9C3 /* ProfileViewModel.swift */,
			);
			path = Profile;
			sourceTree = "<group>";
		};
		18026D082DD3DF9700BBD9C3 /* Utilities */ = {
			isa = PBXGroup;
			children = (
				18026D072DD3DF9700BBD9C3 /* AttributedTextEditor.swift */,
			);
			path = Utilities;
			sourceTree = "<group>";
		};
		18026D0C2DD3DF9700BBD9C3 /* Splajompy */ = {
			isa = PBXGroup;
			children = (
				18026CD72DD3DF9700BBD9C3 /* Authentication */,
				18026CDC2DD3DF9700BBD9C3 /* Comments */,
				18026CDF2DD3DF9700BBD9C3 /* Configuration */,
				18026CE52DD3DF9700BBD9C3 /* Extensions */,
				18026CEB2DD3DF9700BBD9C3 /* Feed */,
				18026CED2DD3DF9700BBD9C3 /* Models */,
				18026CF22DD3DF9700BBD9C3 /* Notifications */,
				18026D002DD3DF9700BBD9C3 /* Posts */,
				18026D062DD3DF9700BBD9C3 /* Profile */,
				18026D082DD3DF9700BBD9C3 /* Utilities */,
				18026D092DD3DF9700BBD9C3 /* Info.plist */,
				18026D0A2DD3DF9700BBD9C3 /* SettingsView.swift */,
				18026D0B2DD3DF9700BBD9C3 /* SplajompyApp.swift */,
			);
			path = Splajompy;
			sourceTree = "<group>";
		};
		18026D3C2DD3DF9D00BBD9C3 /* Assets */ = {
			isa = PBXGroup;
			children = (
				18026D3B2DD3DF9D00BBD9C3 /* Assets.xcassets */,
			);
			path = Assets;
			sourceTree = "<group>";
		};
		184A63C22D88CBA000860D6B = {
			isa = PBXGroup;
			children = (
				18B2F2E92DA88B6E002FD373 /* Launch Screen.storyboard */,
				18026D3C2DD3DF9D00BBD9C3 /* Assets */,
				18026D0C2DD3DF9700BBD9C3 /* Splajompy */,
				184A63CC2D88CBA100860D6B /* Products */,
				18A617E62D9B2D6000B93F08 /* Splajompy */,
				18E435E62DB29069003A0999 /* Frameworks */,
			);
			sourceTree = "<group>";
		};
		184A63CC2D88CBA100860D6B /* Products */ = {
			isa = PBXGroup;
			children = (
				184A63CB2D88CBA100860D6B /* Splajompy.app */,
				184A63DB2D88CBA200860D6B /* SplajompyTests.xctest */,
				184A63E52D88CBA200860D6B /* SplajompyUITests.xctest */,
			);
			name = Products;
			sourceTree = "<group>";
		};
		18A617D12D9B2D6000B93F08 /* Authentication */ = {
			isa = PBXGroup;
			children = (
				18A617CF2D9B2D6000B93F08 /* LoginView.swift */,
				18A617D02D9B2D6000B93F08 /* RegistrationView.swift */,
			);
			path = Authentication;
			sourceTree = "<group>";
		};
		18A617D42D9B2D6000B93F08 /* Comments */ = {
			isa = PBXGroup;
			children = (
				18A617D22D9B2D6000B93F08 /* CommentsView.swift */,
				18A617D32D9B2D6000B93F08 /* CommentViewModel.swift */,
			);
			path = Comments;
			sourceTree = "<group>";
		};
		18A617D82D9B2D6000B93F08 /* Extensions */ = {
			isa = PBXGroup;
			children = (
				18A617D52D9B2D6000B93F08 /* APIService.swift */,
				18A617D62D9B2D6000B93F08 /* AuthManager.swift */,
				18A617D72D9B2D6000B93F08 /* KeychainHelper.swift */,
			);
			path = Extensions;
			sourceTree = "<group>";
		};
		18A617DB2D9B2D6000B93F08 /* Feed */ = {
			isa = PBXGroup;
			children = (
				18A617D92D9B2D6000B93F08 /* FeedView.swift */,
				18A617DA2D9B2D6000B93F08 /* FeedViewModel.swift */,
			);
			path = Feed;
			sourceTree = "<group>";
		};
		18A617DD2D9B2D6000B93F08 /* Models */ = {
			isa = PBXGroup;
			children = (
				18A617DC2D9B2D6000B93F08 /* models.swift */,
			);
			path = Models;
			sourceTree = "<group>";
		};
		18A617E02D9B2D6000B93F08 /* Posts */ = {
			isa = PBXGroup;
			children = (
				18A617DE2D9B2D6000B93F08 /* ImageCarousel.swift */,
				18A617DF2D9B2D6000B93F08 /* PostView.swift */,
			);
			path = Posts;
			sourceTree = "<group>";
		};
		18A617E32D9B2D6000B93F08 /* Profile */ = {
			isa = PBXGroup;
			children = (
				18A617E12D9B2D6000B93F08 /* ProfileView.swift */,
				18A617E22D9B2D6000B93F08 /* ProfileViewModel.swift */,
			);
			path = Profile;
			sourceTree = "<group>";
		};
		18A617E62D9B2D6000B93F08 /* Splajompy */ = {
			isa = PBXGroup;
			children = (
				18A617D12D9B2D6000B93F08 /* Authentication */,
				18A617D42D9B2D6000B93F08 /* Comments */,
				18A617D82D9B2D6000B93F08 /* Extensions */,
				18A617DB2D9B2D6000B93F08 /* Feed */,
				18A617DD2D9B2D6000B93F08 /* Models */,
				18A617E02D9B2D6000B93F08 /* Posts */,
				18A617E32D9B2D6000B93F08 /* Profile */,
				18A617E42D9B2D6000B93F08 /* Preview Content.xcassets */,
				18A617E52D9B2D6000B93F08 /* SplajompyApp.swift */,
			);
			path = Splajompy;
			sourceTree = "<group>";
		};
		18E435E62DB29069003A0999 /* Frameworks */ = {
			isa = PBXGroup;
			children = (
			);
			name = Frameworks;
			sourceTree = "<group>";
		};
/* End PBXGroup section */

/* Begin PBXNativeTarget section */
		184A63CA2D88CBA000860D6B /* Splajompy */ = {
			isa = PBXNativeTarget;
			buildConfigurationList = 184A63EF2D88CBA200860D6B /* Build configuration list for PBXNativeTarget "Splajompy" */;
			buildPhases = (
				184A63C72D88CBA000860D6B /* Sources */,
				184A63C82D88CBA000860D6B /* Frameworks */,
				184A63C92D88CBA000860D6B /* Resources */,
			);
			buildRules = (
			);
			dependencies = (
				18026CD12DD3D42400BBD9C3 /* PBXTargetDependency */,
			);
			name = Splajompy;
			packageProductDependencies = (
				18E435E72DB29069003A0999 /* Kingfisher */,
			);
			productName = Splajompy;
			productReference = 184A63CB2D88CBA100860D6B /* Splajompy.app */;
			productType = "com.apple.product-type.application";
		};
		184A63DA2D88CBA200860D6B /* SplajompyTests */ = {
			isa = PBXNativeTarget;
			buildConfigurationList = 184A63F22D88CBA200860D6B /* Build configuration list for PBXNativeTarget "SplajompyTests" */;
			buildPhases = (
				184A63D72D88CBA200860D6B /* Sources */,
				184A63D82D88CBA200860D6B /* Frameworks */,
				184A63D92D88CBA200860D6B /* Resources */,
			);
			buildRules = (
			);
			dependencies = (
				184A63DD2D88CBA200860D6B /* PBXTargetDependency */,
			);
			name = SplajompyTests;
			packageProductDependencies = (
			);
			productName = SplajompyTests;
			productReference = 184A63DB2D88CBA200860D6B /* SplajompyTests.xctest */;
			productType = "com.apple.product-type.bundle.unit-test";
		};
		184A63E42D88CBA200860D6B /* SplajompyUITests */ = {
			isa = PBXNativeTarget;
			buildConfigurationList = 184A63F52D88CBA200860D6B /* Build configuration list for PBXNativeTarget "SplajompyUITests" */;
			buildPhases = (
				184A63E12D88CBA200860D6B /* Sources */,
				184A63E22D88CBA200860D6B /* Frameworks */,
				184A63E32D88CBA200860D6B /* Resources */,
			);
			buildRules = (
			);
			dependencies = (
				184A63E72D88CBA200860D6B /* PBXTargetDependency */,
			);
			name = SplajompyUITests;
			packageProductDependencies = (
			);
			productName = SplajompyUITests;
			productReference = 184A63E52D88CBA200860D6B /* SplajompyUITests.xctest */;
			productType = "com.apple.product-type.bundle.ui-testing";
		};
/* End PBXNativeTarget section */

/* Begin PBXProject section */
		184A63C32D88CBA000860D6B /* Project object */ = {
			isa = PBXProject;
			attributes = {
				BuildIndependentTargetsInParallel = 1;
				LastSwiftUpdateCheck = 1620;
				LastUpgradeCheck = 1630;
				TargetAttributes = {
					184A63CA2D88CBA000860D6B = {
						CreatedOnToolsVersion = 16.2;
					};
					184A63DA2D88CBA200860D6B = {
						CreatedOnToolsVersion = 16.2;
						TestTargetID = 184A63CA2D88CBA000860D6B;
					};
					184A63E42D88CBA200860D6B = {
						CreatedOnToolsVersion = 16.2;
						TestTargetID = 184A63CA2D88CBA000860D6B;
					};
				};
			};
			buildConfigurationList = 184A63C62D88CBA000860D6B /* Build configuration list for PBXProject "Splajompy" */;
			developmentRegion = en;
			hasScannedForEncodings = 0;
			knownRegions = (
				en,
				Base,
			);
			mainGroup = 184A63C22D88CBA000860D6B;
			minimizedProjectReferenceProxies = 1;
			packageReferences = (
				18E435E52DB28FF5003A0999 /* XCRemoteSwiftPackageReference "Kingfisher" */,
			);
			preferredProjectObjectVersion = 77;
			productRefGroup = 184A63CC2D88CBA100860D6B /* Products */;
			projectDirPath = "";
			projectRoot = "";
			targets = (
				184A63CA2D88CBA000860D6B /* Splajompy */,
				184A63DA2D88CBA200860D6B /* SplajompyTests */,
				184A63E42D88CBA200860D6B /* SplajompyUITests */,
			);
		};
/* End PBXProject section */

/* Begin PBXResourcesBuildPhase section */
		184A63C92D88CBA000860D6B /* Resources */ = {
			isa = PBXResourcesBuildPhase;
			buildActionMask = 2147483647;
			files = (
				18026D3D2DD3DF9D00BBD9C3 /* Assets.xcassets in Resources */,
				18B2F2EA2DA88B6E002FD373 /* Launch Screen.storyboard in Resources */,
			);
			runOnlyForDeploymentPostprocessing = 0;
		};
		184A63D92D88CBA200860D6B /* Resources */ = {
			isa = PBXResourcesBuildPhase;
			buildActionMask = 2147483647;
			files = (
			);
			runOnlyForDeploymentPostprocessing = 0;
		};
		184A63E32D88CBA200860D6B /* Resources */ = {
			isa = PBXResourcesBuildPhase;
			buildActionMask = 2147483647;
			files = (
			);
			runOnlyForDeploymentPostprocessing = 0;
		};
/* End PBXResourcesBuildPhase section */

/* Begin PBXSourcesBuildPhase section */
		184A63C72D88CBA000860D6B /* Sources */ = {
			isa = PBXSourcesBuildPhase;
			buildActionMask = 2147483647;
			files = (
				18A617E82D9B2D6000B93F08 /* FeedView.swift in Sources */,
				18026D102DD3DF9700BBD9C3 /* CredentialedLoginView.swift in Sources */,
				18026D122DD3DF9700BBD9C3 /* OneTimeCodeView.swift in Sources */,
				18026D132DD3DF9700BBD9C3 /* RegisterView.swift in Sources */,
				18026D142DD3DF9700BBD9C3 /* SplashScreenView.swift in Sources */,
				18026D152DD3DF9700BBD9C3 /* CommentRepository.swift in Sources */,
				18026D162DD3DF9700BBD9C3 /* CommentsView.swift in Sources */,
				18026D172DD3DF9700BBD9C3 /* CommentViewModel.swift in Sources */,
				18026D182DD3DF9700BBD9C3 /* MockCommentRepository.swift in Sources */,
				18026D192DD3DF9700BBD9C3 /* APIService.swift in Sources */,
				18026D1C2DD3DF9700BBD9C3 /* Routing.swift in Sources */,
				18026D1D2DD3DF9700BBD9C3 /* Zoomable.swift in Sources */,
				18026D1E2DD3DF9700BBD9C3 /* FeedContainerView.swift in Sources */,
				18026D1F2DD3DF9700BBD9C3 /* FeedRefreshManager.swift in Sources */,
				18026D222DD3DF9700BBD9C3 /* PostRepository.swift in Sources */,
				18026D242DD3DF9700BBD9C3 /* MockNotificationService.swift in Sources */,
				18026D252DD3DF9700BBD9C3 /* NotificationRepository.swift in Sources */,
				18026D262DD3DF9700BBD9C3 /* NotificationsView.swift in Sources */,
				18026D272DD3DF9700BBD9C3 /* NotificationsViewModel.swift in Sources */,
				18026D282DD3DF9700BBD9C3 /* MentionTextEditor.swift in Sources */,
				18026D292DD3DF9700BBD9C3 /* MentionTextEditorViewModel.swift in Sources */,
				18026D2A2DD3DF9700BBD9C3 /* NewPostRepository.swift in Sources */,
				18026D2B2DD3DF9700BBD9C3 /* NewPostView.swift in Sources */,
				18026D2C2DD3DF9700BBD9C3 /* NewPostViewModel.swift in Sources */,
				18026D2D2DD3DF9700BBD9C3 /* StandalonePostView.swift in Sources */,
				18026D2E2DD3DF9700BBD9C3 /* StandalonePostViewModel.swift in Sources */,
				18026D2F2DD3DF9700BBD9C3 /* ContentTextView.swift in Sources */,
				18026D302DD3DF9700BBD9C3 /* ImageGallery.swift in Sources */,
				18026D322DD3DF9700BBD9C3 /* ZoomableAsyncImage.swift in Sources */,
				18026D332DD3DF9700BBD9C3 /* CurrentProfileView.swift in Sources */,
				18026D342DD3DF9700BBD9C3 /* ProfileEditorView.swift in Sources */,
				18026D352DD3DF9700BBD9C3 /* ProfileRepository.swift in Sources */,
				18026D362DD3DF9700BBD9C3 /* ProfileView.swift in Sources */,
				18026D382DD3DF9700BBD9C3 /* AttributedTextEditor.swift in Sources */,
				18026D392DD3DF9700BBD9C3 /* SettingsView.swift in Sources */,
				18A617E92D9B2D6000B93F08 /* FeedViewModel.swift in Sources */,
				18A617EA2D9B2D6000B93F08 /* AuthManager.swift in Sources */,
				18A617EB2D9B2D6000B93F08 /* KeychainHelper.swift in Sources */,
				18A617EC2D9B2D6000B93F08 /* SplajompyApp.swift in Sources */,
				18A617ED2D9B2D6000B93F08 /* ProfileViewModel.swift in Sources */,
				18A617EE2D9B2D6000B93F08 /* models.swift in Sources */,
				18A617F02D9B2D6000B93F08 /* LoginView.swift in Sources */,
				18A617F12D9B2D6000B93F08 /* PostView.swift in Sources */,
			);
			runOnlyForDeploymentPostprocessing = 0;
		};
		184A63D72D88CBA200860D6B /* Sources */ = {
			isa = PBXSourcesBuildPhase;
			buildActionMask = 2147483647;
			files = (
			);
			runOnlyForDeploymentPostprocessing = 0;
		};
		184A63E12D88CBA200860D6B /* Sources */ = {
			isa = PBXSourcesBuildPhase;
			buildActionMask = 2147483647;
			files = (
			);
			runOnlyForDeploymentPostprocessing = 0;
		};
/* End PBXSourcesBuildPhase section */

/* Begin PBXTargetDependency section */
		18026CD12DD3D42400BBD9C3 /* PBXTargetDependency */ = {
			isa = PBXTargetDependency;
			productRef = 18026CD02DD3D42400BBD9C3 /* Kingfisher */;
		};
		184A63DD2D88CBA200860D6B /* PBXTargetDependency */ = {
			isa = PBXTargetDependency;
			target = 184A63CA2D88CBA000860D6B /* Splajompy */;
			targetProxy = 184A63DC2D88CBA200860D6B /* PBXContainerItemProxy */;
		};
		184A63E72D88CBA200860D6B /* PBXTargetDependency */ = {
			isa = PBXTargetDependency;
			target = 184A63CA2D88CBA000860D6B /* Splajompy */;
			targetProxy = 184A63E62D88CBA200860D6B /* PBXContainerItemProxy */;
		};
/* End PBXTargetDependency section */

/* Begin XCBuildConfiguration section */
		184A63ED2D88CBA200860D6B /* Debug */ = {
			isa = XCBuildConfiguration;
			buildSettings = {
				ALWAYS_SEARCH_USER_PATHS = NO;
				ASSETCATALOG_COMPILER_GENERATE_SWIFT_ASSET_SYMBOL_EXTENSIONS = YES;
				CLANG_ANALYZER_NONNULL = YES;
				CLANG_ANALYZER_NUMBER_OBJECT_CONVERSION = YES_AGGRESSIVE;
				CLANG_CXX_LANGUAGE_STANDARD = "gnu++20";
				CLANG_ENABLE_MODULES = YES;
				CLANG_ENABLE_OBJC_ARC = YES;
				CLANG_ENABLE_OBJC_WEAK = YES;
				CLANG_WARN_BLOCK_CAPTURE_AUTORELEASING = YES;
				CLANG_WARN_BOOL_CONVERSION = YES;
				CLANG_WARN_COMMA = YES;
				CLANG_WARN_CONSTANT_CONVERSION = YES;
				CLANG_WARN_DEPRECATED_OBJC_IMPLEMENTATIONS = YES;
				CLANG_WARN_DIRECT_OBJC_ISA_USAGE = YES_ERROR;
				CLANG_WARN_DOCUMENTATION_COMMENTS = YES;
				CLANG_WARN_EMPTY_BODY = YES;
				CLANG_WARN_ENUM_CONVERSION = YES;
				CLANG_WARN_INFINITE_RECURSION = YES;
				CLANG_WARN_INT_CONVERSION = YES;
				CLANG_WARN_NON_LITERAL_NULL_CONVERSION = YES;
				CLANG_WARN_OBJC_IMPLICIT_RETAIN_SELF = YES;
				CLANG_WARN_OBJC_LITERAL_CONVERSION = YES;
				CLANG_WARN_OBJC_ROOT_CLASS = YES_ERROR;
				CLANG_WARN_QUOTED_INCLUDE_IN_FRAMEWORK_HEADER = YES;
				CLANG_WARN_RANGE_LOOP_ANALYSIS = YES;
				CLANG_WARN_STRICT_PROTOTYPES = YES;
				CLANG_WARN_SUSPICIOUS_MOVE = YES;
				CLANG_WARN_UNGUARDED_AVAILABILITY = YES_AGGRESSIVE;
				CLANG_WARN_UNREACHABLE_CODE = YES;
				CLANG_WARN__DUPLICATE_METHOD_MATCH = YES;
				COPY_PHASE_STRIP = NO;
				DEBUG_INFORMATION_FORMAT = dwarf;
				ENABLE_STRICT_OBJC_MSGSEND = YES;
				ENABLE_TESTABILITY = YES;
				ENABLE_USER_SCRIPT_SANDBOXING = YES;
				GCC_C_LANGUAGE_STANDARD = gnu17;
				GCC_DYNAMIC_NO_PIC = NO;
				GCC_NO_COMMON_BLOCKS = YES;
				GCC_OPTIMIZATION_LEVEL = 0;
				GCC_PREPROCESSOR_DEFINITIONS = (
					"DEBUG=1",
					"$(inherited)",
				);
				GCC_WARN_64_TO_32_BIT_CONVERSION = YES;
				GCC_WARN_ABOUT_RETURN_TYPE = YES_ERROR;
				GCC_WARN_UNDECLARED_SELECTOR = YES;
				GCC_WARN_UNINITIALIZED_AUTOS = YES_AGGRESSIVE;
				GCC_WARN_UNUSED_FUNCTION = YES;
				GCC_WARN_UNUSED_VARIABLE = YES;
				IPHONEOS_DEPLOYMENT_TARGET = 18.2;
				LOCALIZATION_PREFERS_STRING_CATALOGS = YES;
				MTL_ENABLE_DEBUG_INFO = INCLUDE_SOURCE;
				MTL_FAST_MATH = YES;
				ONLY_ACTIVE_ARCH = YES;
				SDKROOT = iphoneos;
				SWIFT_ACTIVE_COMPILATION_CONDITIONS = "DEBUG $(inherited)";
				SWIFT_OPTIMIZATION_LEVEL = "-Onone";
			};
			name = Debug;
		};
		184A63EE2D88CBA200860D6B /* Release */ = {
			isa = XCBuildConfiguration;
			buildSettings = {
				ALWAYS_SEARCH_USER_PATHS = NO;
				ASSETCATALOG_COMPILER_GENERATE_SWIFT_ASSET_SYMBOL_EXTENSIONS = YES;
				CLANG_ANALYZER_NONNULL = YES;
				CLANG_ANALYZER_NUMBER_OBJECT_CONVERSION = YES_AGGRESSIVE;
				CLANG_CXX_LANGUAGE_STANDARD = "gnu++20";
				CLANG_ENABLE_MODULES = YES;
				CLANG_ENABLE_OBJC_ARC = YES;
				CLANG_ENABLE_OBJC_WEAK = YES;
				CLANG_WARN_BLOCK_CAPTURE_AUTORELEASING = YES;
				CLANG_WARN_BOOL_CONVERSION = YES;
				CLANG_WARN_COMMA = YES;
				CLANG_WARN_CONSTANT_CONVERSION = YES;
				CLANG_WARN_DEPRECATED_OBJC_IMPLEMENTATIONS = YES;
				CLANG_WARN_DIRECT_OBJC_ISA_USAGE = YES_ERROR;
				CLANG_WARN_DOCUMENTATION_COMMENTS = YES;
				CLANG_WARN_EMPTY_BODY = YES;
				CLANG_WARN_ENUM_CONVERSION = YES;
				CLANG_WARN_INFINITE_RECURSION = YES;
				CLANG_WARN_INT_CONVERSION = YES;
				CLANG_WARN_NON_LITERAL_NULL_CONVERSION = YES;
				CLANG_WARN_OBJC_IMPLICIT_RETAIN_SELF = YES;
				CLANG_WARN_OBJC_LITERAL_CONVERSION = YES;
				CLANG_WARN_OBJC_ROOT_CLASS = YES_ERROR;
				CLANG_WARN_QUOTED_INCLUDE_IN_FRAMEWORK_HEADER = YES;
				CLANG_WARN_RANGE_LOOP_ANALYSIS = YES;
				CLANG_WARN_STRICT_PROTOTYPES = YES;
				CLANG_WARN_SUSPICIOUS_MOVE = YES;
				CLANG_WARN_UNGUARDED_AVAILABILITY = YES_AGGRESSIVE;
				CLANG_WARN_UNREACHABLE_CODE = YES;
				CLANG_WARN__DUPLICATE_METHOD_MATCH = YES;
				COPY_PHASE_STRIP = NO;
				DEBUG_INFORMATION_FORMAT = "dwarf-with-dsym";
				ENABLE_NS_ASSERTIONS = NO;
				ENABLE_STRICT_OBJC_MSGSEND = YES;
				ENABLE_USER_SCRIPT_SANDBOXING = YES;
				GCC_C_LANGUAGE_STANDARD = gnu17;
				GCC_NO_COMMON_BLOCKS = YES;
				GCC_WARN_64_TO_32_BIT_CONVERSION = YES;
				GCC_WARN_ABOUT_RETURN_TYPE = YES_ERROR;
				GCC_WARN_UNDECLARED_SELECTOR = YES;
				GCC_WARN_UNINITIALIZED_AUTOS = YES_AGGRESSIVE;
				GCC_WARN_UNUSED_FUNCTION = YES;
				GCC_WARN_UNUSED_VARIABLE = YES;
				IPHONEOS_DEPLOYMENT_TARGET = 18.2;
				LOCALIZATION_PREFERS_STRING_CATALOGS = YES;
				MTL_ENABLE_DEBUG_INFO = NO;
				MTL_FAST_MATH = YES;
				SDKROOT = iphoneos;
				SWIFT_COMPILATION_MODE = wholemodule;
				VALIDATE_PRODUCT = YES;
			};
			name = Release;
		};
		184A63F02D88CBA200860D6B /* Debug */ = {
			isa = XCBuildConfiguration;
			baseConfigurationReference = 18026CDD2DD3DF9700BBD9C3 /* Debug.xcconfig */;
			buildSettings = {
				ASSETCATALOG_COMPILER_APPICON_NAME = AppIcon;
				ASSETCATALOG_COMPILER_GLOBAL_ACCENT_COLOR_NAME = AccentColor;
				CODE_SIGN_STYLE = Automatic;
				CURRENT_PROJECT_VERSION = 1;
				DEVELOPMENT_ASSET_PATHS = "";
				DEVELOPMENT_TEAM = SVQUQ3H75J;
				ENABLE_PREVIEWS = YES;
				GENERATE_INFOPLIST_FILE = YES;
				INFOPLIST_FILE = Splajompy/Info.plist;
				INFOPLIST_KEY_CFBundleDisplayName = Splajompy;
				INFOPLIST_KEY_ITSAppUsesNonExemptEncryption = NO;
				INFOPLIST_KEY_LSApplicationCategoryType = "public.app-category.social-networking";
				INFOPLIST_KEY_UIApplicationSceneManifest_Generation = YES;
				INFOPLIST_KEY_UIApplicationSupportsIndirectInputEvents = YES;
				INFOPLIST_KEY_UILaunchStoryboardName = "Launch Screen.storyboard";
				INFOPLIST_KEY_UIStatusBarStyle = "";
				INFOPLIST_KEY_UISupportedInterfaceOrientations = UIInterfaceOrientationPortrait;
				INFOPLIST_KEY_UISupportedInterfaceOrientations_iPad = "UIInterfaceOrientationLandscapeLeft UIInterfaceOrientationLandscapeRight UIInterfaceOrientationPortrait UIInterfaceOrientationPortraitUpsideDown";
				IPHONEOS_DEPLOYMENT_TARGET = 18.0;
				LD_RUNPATH_SEARCH_PATHS = (
					"$(inherited)",
					"@executable_path/Frameworks",
				);
				MARKETING_VERSION = 1.0;
				PRODUCT_BUNDLE_IDENTIFIER = splajompy.com.Splajompy.devW;
				PRODUCT_NAME = "$(TARGET_NAME)";
				SUPPORTED_PLATFORMS = "iphoneos iphonesimulator";
				SUPPORTS_MACCATALYST = NO;
				SUPPORTS_MAC_DESIGNED_FOR_IPHONE_IPAD = NO;
				SUPPORTS_XR_DESIGNED_FOR_IPHONE_IPAD = NO;
				SWIFT_EMIT_LOC_STRINGS = YES;
				SWIFT_STRICT_CONCURRENCY = complete;
				SWIFT_VERSION = 6.0;
				TARGETED_DEVICE_FAMILY = 1;
			};
			name = Debug;
		};
		184A63F12D88CBA200860D6B /* Release */ = {
			isa = XCBuildConfiguration;
			baseConfigurationReference = 18026CDE2DD3DF9700BBD9C3 /* Release.xcconfig */;
			buildSettings = {
				ASSETCATALOG_COMPILER_APPICON_NAME = AppIcon;
				ASSETCATALOG_COMPILER_GLOBAL_ACCENT_COLOR_NAME = AccentColor;
				CODE_SIGN_STYLE = Automatic;
				CURRENT_PROJECT_VERSION = 1;
				DEVELOPMENT_ASSET_PATHS = "";
				DEVELOPMENT_TEAM = SVQUQ3H75J;
				ENABLE_PREVIEWS = YES;
				GENERATE_INFOPLIST_FILE = YES;
				INFOPLIST_FILE = Splajompy/Info.plist;
				INFOPLIST_KEY_CFBundleDisplayName = Splajompy;
				INFOPLIST_KEY_ITSAppUsesNonExemptEncryption = NO;
				INFOPLIST_KEY_LSApplicationCategoryType = "public.app-category.social-networking";
				INFOPLIST_KEY_UIApplicationSceneManifest_Generation = YES;
				INFOPLIST_KEY_UIApplicationSupportsIndirectInputEvents = YES;
				INFOPLIST_KEY_UILaunchStoryboardName = "Launch Screen.storyboard";
				INFOPLIST_KEY_UIStatusBarStyle = "";
				INFOPLIST_KEY_UISupportedInterfaceOrientations = UIInterfaceOrientationPortrait;
				INFOPLIST_KEY_UISupportedInterfaceOrientations_iPad = "UIInterfaceOrientationLandscapeLeft UIInterfaceOrientationLandscapeRight UIInterfaceOrientationPortrait UIInterfaceOrientationPortraitUpsideDown";
				IPHONEOS_DEPLOYMENT_TARGET = 18.0;
				LD_RUNPATH_SEARCH_PATHS = (
					"$(inherited)",
					"@executable_path/Frameworks",
				);
				MARKETING_VERSION = 1.0;
				PRODUCT_BUNDLE_IDENTIFIER = splajompy.com.Splajompy;
				PRODUCT_NAME = "$(TARGET_NAME)";
				SUPPORTED_PLATFORMS = "iphoneos iphonesimulator";
				SUPPORTS_MACCATALYST = NO;
				SUPPORTS_MAC_DESIGNED_FOR_IPHONE_IPAD = NO;
				SUPPORTS_XR_DESIGNED_FOR_IPHONE_IPAD = NO;
				SWIFT_EMIT_LOC_STRINGS = YES;
				SWIFT_STRICT_CONCURRENCY = complete;
				SWIFT_VERSION = 6.0;
				TARGETED_DEVICE_FAMILY = 1;
			};
			name = Release;
		};
		184A63F32D88CBA200860D6B /* Debug */ = {
			isa = XCBuildConfiguration;
			buildSettings = {
				BUNDLE_LOADER = "$(TEST_HOST)";
				CODE_SIGN_STYLE = Automatic;
				CURRENT_PROJECT_VERSION = 1;
				GENERATE_INFOPLIST_FILE = YES;
				IPHONEOS_DEPLOYMENT_TARGET = 18.2;
				MARKETING_VERSION = 1.0;
				PRODUCT_BUNDLE_IDENTIFIER = splajompy.com.SplajompyTests;
				PRODUCT_NAME = "$(TARGET_NAME)";
				SWIFT_EMIT_LOC_STRINGS = NO;
				SWIFT_VERSION = 5.0;
				TARGETED_DEVICE_FAMILY = "1,2";
				TEST_HOST = "$(BUILT_PRODUCTS_DIR)/Splajompy.app/$(BUNDLE_EXECUTABLE_FOLDER_PATH)/Splajompy";
			};
			name = Debug;
		};
		184A63F42D88CBA200860D6B /* Release */ = {
			isa = XCBuildConfiguration;
			buildSettings = {
				BUNDLE_LOADER = "$(TEST_HOST)";
				CODE_SIGN_STYLE = Automatic;
				CURRENT_PROJECT_VERSION = 1;
				GENERATE_INFOPLIST_FILE = YES;
				IPHONEOS_DEPLOYMENT_TARGET = 18.2;
				MARKETING_VERSION = 1.0;
				PRODUCT_BUNDLE_IDENTIFIER = splajompy.com.SplajompyTests;
				PRODUCT_NAME = "$(TARGET_NAME)";
				SWIFT_EMIT_LOC_STRINGS = NO;
				SWIFT_VERSION = 5.0;
				TARGETED_DEVICE_FAMILY = "1,2";
				TEST_HOST = "$(BUILT_PRODUCTS_DIR)/Splajompy.app/$(BUNDLE_EXECUTABLE_FOLDER_PATH)/Splajompy";
			};
			name = Release;
		};
		184A63F62D88CBA200860D6B /* Debug */ = {
			isa = XCBuildConfiguration;
			buildSettings = {
				CODE_SIGN_STYLE = Automatic;
				CURRENT_PROJECT_VERSION = 1;
				GENERATE_INFOPLIST_FILE = YES;
				MARKETING_VERSION = 1.0;
				PRODUCT_BUNDLE_IDENTIFIER = splajompy.com.SplajompyUITests;
				PRODUCT_NAME = "$(TARGET_NAME)";
				SWIFT_EMIT_LOC_STRINGS = NO;
				SWIFT_VERSION = 5.0;
				TARGETED_DEVICE_FAMILY = "1,2";
				TEST_TARGET_NAME = Splajompy;
			};
			name = Debug;
		};
		184A63F72D88CBA200860D6B /* Release */ = {
			isa = XCBuildConfiguration;
			buildSettings = {
				CODE_SIGN_STYLE = Automatic;
				CURRENT_PROJECT_VERSION = 1;
				GENERATE_INFOPLIST_FILE = YES;
				MARKETING_VERSION = 1.0;
				PRODUCT_BUNDLE_IDENTIFIER = splajompy.com.SplajompyUITests;
				PRODUCT_NAME = "$(TARGET_NAME)";
				SWIFT_EMIT_LOC_STRINGS = NO;
				SWIFT_VERSION = 5.0;
				TARGETED_DEVICE_FAMILY = "1,2";
				TEST_TARGET_NAME = Splajompy;
			};
			name = Release;
		};
/* End XCBuildConfiguration section */

/* Begin XCConfigurationList section */
		184A63C62D88CBA000860D6B /* Build configuration list for PBXProject "Splajompy" */ = {
			isa = XCConfigurationList;
			buildConfigurations = (
				184A63ED2D88CBA200860D6B /* Debug */,
				184A63EE2D88CBA200860D6B /* Release */,
			);
			defaultConfigurationIsVisible = 0;
			defaultConfigurationName = Release;
		};
		184A63EF2D88CBA200860D6B /* Build configuration list for PBXNativeTarget "Splajompy" */ = {
			isa = XCConfigurationList;
			buildConfigurations = (
				184A63F02D88CBA200860D6B /* Debug */,
				184A63F12D88CBA200860D6B /* Release */,
			);
			defaultConfigurationIsVisible = 0;
			defaultConfigurationName = Release;
		};
		184A63F22D88CBA200860D6B /* Build configuration list for PBXNativeTarget "SplajompyTests" */ = {
			isa = XCConfigurationList;
			buildConfigurations = (
				184A63F32D88CBA200860D6B /* Debug */,
				184A63F42D88CBA200860D6B /* Release */,
			);
			defaultConfigurationIsVisible = 0;
			defaultConfigurationName = Release;
		};
		184A63F52D88CBA200860D6B /* Build configuration list for PBXNativeTarget "SplajompyUITests" */ = {
			isa = XCConfigurationList;
			buildConfigurations = (
				184A63F62D88CBA200860D6B /* Debug */,
				184A63F72D88CBA200860D6B /* Release */,
			);
			defaultConfigurationIsVisible = 0;
			defaultConfigurationName = Release;
		};
/* End XCConfigurationList section */

/* Begin XCRemoteSwiftPackageReference section */
		18E435E52DB28FF5003A0999 /* XCRemoteSwiftPackageReference "Kingfisher" */ = {
			isa = XCRemoteSwiftPackageReference;
			repositoryURL = "https://github.com/onevcat/Kingfisher.git";
			requirement = {
				kind = upToNextMajorVersion;
				minimumVersion = 8.3.2;
			};
		};
/* End XCRemoteSwiftPackageReference section */

/* Begin XCSwiftPackageProductDependency section */
		18026CD02DD3D42400BBD9C3 /* Kingfisher */ = {
			isa = XCSwiftPackageProductDependency;
			package = 18E435E52DB28FF5003A0999 /* XCRemoteSwiftPackageReference "Kingfisher" */;
			productName = Kingfisher;
		};
		18E435E72DB29069003A0999 /* Kingfisher */ = {
			isa = XCSwiftPackageProductDependency;
			package = 18E435E52DB28FF5003A0999 /* XCRemoteSwiftPackageReference "Kingfisher" */;
			productName = Kingfisher;
		};
/* End XCSwiftPackageProductDependency section */
	};
	rootObject = 184A63C32D88CBA000860D6B /* Project object */;
}
