// !$*UTF8*$!
{
	archiveVersion = 1;
	classes = {
	};
	objectVersion = 77;
	objects = {

/* Begin PBXBuildFile section */
		187974BA2DDC1EE300BA0F37 /* PostHog in Frameworks */ = {isa = PBXBuildFile; productRef = 187974B92DDC1EE300BA0F37 /* PostHog */; };
		18A617E92D9B2D6000B93F08 /* FeedViewModel.swift in Sources */ = {isa = PBXBuildFile; fileRef = 18A617DA2D9B2D6000B93F08 /* FeedViewModel.swift */; };
		18A617EA2D9B2D6000B93F08 /* AuthManager.swift in Sources */ = {isa = PBXBuildFile; fileRef = 18A617D62D9B2D6000B93F08 /* AuthManager.swift */; };
		18A617EB2D9B2D6000B93F08 /* KeychainHelper.swift in Sources */ = {isa = PBXBuildFile; fileRef = 18A617D72D9B2D6000B93F08 /* KeychainHelper.swift */; };
		18A617EC2D9B2D6000B93F08 /* SplajompyApp.swift in Sources */ = {isa = PBXBuildFile; fileRef = 18A617E52D9B2D6000B93F08 /* SplajompyApp.swift */; };
		18A617ED2D9B2D6000B93F08 /* ProfileViewModel.swift in Sources */ = {isa = PBXBuildFile; fileRef = 18A617E22D9B2D6000B93F08 /* ProfileViewModel.swift */; };
		18A617EE2D9B2D6000B93F08 /* models.swift in Sources */ = {isa = PBXBuildFile; fileRef = 18A617DC2D9B2D6000B93F08 /* models.swift */; };
		18A617F02D9B2D6000B93F08 /* LoginView.swift in Sources */ = {isa = PBXBuildFile; fileRef = 18A617CF2D9B2D6000B93F08 /* LoginView.swift */; };
		18A617F12D9B2D6000B93F08 /* PostView.swift in Sources */ = {isa = PBXBuildFile; fileRef = 18A617DF2D9B2D6000B93F08 /* PostView.swift */; };
		18E435E82DB29069003A0999 /* Kingfisher in Frameworks */ = {isa = PBXBuildFile; productRef = 18E435E72DB29069003A0999 /* Kingfisher */; };
/* End PBXBuildFile section */

/* Begin PBXContainerItemProxy section */
		184A63DC2D88CBA200860D6B /* PBXContainerItemProxy */ = {
			isa = PBXContainerItemProxy;
			containerPortal = 184A63C32D88CBA000860D6B /* Project object */;
			proxyType = 1;
			remoteGlobalIDString = 184A63CA2D88CBA000860D6B;
			remoteInfo = Splajompy;
		};
		184A63E62D88CBA200860D6B /* PBXContainerItemProxy */ = {
			isa = PBXContainerItemProxy;
			containerPortal = 184A63C32D88CBA000860D6B /* Project object */;
			proxyType = 1;
			remoteGlobalIDString = 184A63CA2D88CBA000860D6B;
			remoteInfo = Splajompy;
		};
/* End PBXContainerItemProxy section */

/* Begin PBXFileReference section */
		184A63CB2D88CBA100860D6B /* Splajompy.app */ = {isa = PBXFileReference; explicitFileType = wrapper.application; includeInIndex = 0; path = Splajompy.app; sourceTree = BUILT_PRODUCTS_DIR; };
		184A63DB2D88CBA200860D6B /* SplajompyTests.xctest */ = {isa = PBXFileReference; explicitFileType = wrapper.cfbundle; includeInIndex = 0; path = SplajompyTests.xctest; sourceTree = BUILT_PRODUCTS_DIR; };
		184A63E52D88CBA200860D6B /* SplajompyUITests.xctest */ = {isa = PBXFileReference; explicitFileType = wrapper.cfbundle; includeInIndex = 0; path = SplajompyUITests.xctest; sourceTree = BUILT_PRODUCTS_DIR; };
		18A617CF2D9B2D6000B93F08 /* LoginView.swift */ = {isa = PBXFileReference; lastKnownFileType = sourcecode.swift; path = LoginView.swift; sourceTree = "<group>"; };
		18A617D02D9B2D6000B93F08 /* RegistrationView.swift */ = {isa = PBXFileReference; lastKnownFileType = sourcecode.swift; path = RegistrationView.swift; sourceTree = "<group>"; };
		18A617D22D9B2D6000B93F08 /* CommentsView.swift */ = {isa = PBXFileReference; lastKnownFileType = sourcecode.swift; path = CommentsView.swift; sourceTree = "<group>"; };
		18A617D32D9B2D6000B93F08 /* CommentViewModel.swift */ = {isa = PBXFileReference; lastKnownFileType = sourcecode.swift; path = CommentViewModel.swift; sourceTree = "<group>"; };
		18A617D52D9B2D6000B93F08 /* APIService.swift */ = {isa = PBXFileReference; lastKnownFileType = sourcecode.swift; path = APIService.swift; sourceTree = "<group>"; };
		18A617D62D9B2D6000B93F08 /* AuthManager.swift */ = {isa = PBXFileReference; lastKnownFileType = sourcecode.swift; path = AuthManager.swift; sourceTree = "<group>"; };
		18A617D72D9B2D6000B93F08 /* KeychainHelper.swift */ = {isa = PBXFileReference; lastKnownFileType = sourcecode.swift; path = KeychainHelper.swift; sourceTree = "<group>"; };
		18A617D92D9B2D6000B93F08 /* FeedView.swift */ = {isa = PBXFileReference; lastKnownFileType = sourcecode.swift; path = FeedView.swift; sourceTree = "<group>"; };
		18A617DA2D9B2D6000B93F08 /* FeedViewModel.swift */ = {isa = PBXFileReference; lastKnownFileType = sourcecode.swift; path = FeedViewModel.swift; sourceTree = "<group>"; };
		18A617DC2D9B2D6000B93F08 /* models.swift */ = {isa = PBXFileReference; lastKnownFileType = sourcecode.swift; path = models.swift; sourceTree = "<group>"; };
		18A617DE2D9B2D6000B93F08 /* ImageCarousel.swift */ = {isa = PBXFileReference; lastKnownFileType = sourcecode.swift; path = ImageCarousel.swift; sourceTree = "<group>"; };
		18A617DF2D9B2D6000B93F08 /* PostView.swift */ = {isa = PBXFileReference; lastKnownFileType = sourcecode.swift; path = PostView.swift; sourceTree = "<group>"; };
		18A617E12D9B2D6000B93F08 /* ProfileView.swift */ = {isa = PBXFileReference; lastKnownFileType = sourcecode.swift; path = ProfileView.swift; sourceTree = "<group>"; };
		18A617E22D9B2D6000B93F08 /* ProfileViewModel.swift */ = {isa = PBXFileReference; lastKnownFileType = sourcecode.swift; path = ProfileViewModel.swift; sourceTree = "<group>"; };
		18A617E42D9B2D6000B93F08 /* Preview Content.xcassets */ = {isa = PBXFileReference; lastKnownFileType = folder.assetcatalog; path = "Preview Content.xcassets"; sourceTree = "<group>"; };
		18A617E52D9B2D6000B93F08 /* SplajompyApp.swift */ = {isa = PBXFileReference; lastKnownFileType = sourcecode.swift; path = SplajompyApp.swift; sourceTree = "<group>"; };
/* End PBXFileReference section */

/* Begin PBXFileSystemSynchronizedBuildFileExceptionSet section */
		181F41AC2D9B32AB00FCF763 /* Exceptions for "Splajompy" folder in "Splajompy" target */ = {
			isa = PBXFileSystemSynchronizedBuildFileExceptionSet;
			membershipExceptions = (
				Authentication/LoginView.swift,
				Configuration/Debug.xcconfig,
				Configuration/Release.xcconfig,
				Extensions/AuthManager.swift,
				Extensions/KeychainHelper.swift,
				Feed/FeedViewModel.swift,
				Info.plist,
				Models/models.swift,
				Posts/PostView.swift,
				Profile/ProfileViewModel.swift,
				SplajompyApp.swift,
			);
			platformFiltersByRelativePath = {
				Extensions/ImageResize.swift = (ios, );
				Posts/New/NewPostRepository.swift = (ios, );
				Posts/New/NewPostView.swift = (ios, );
				Posts/New/NewPostViewModel.swift = (ios, );
				SettingsItems/AppIconPicker.swift = (ios, );
				Utilities/AttributedTextEditor.swift = (ios, );
				Utilities/MentionTextEditor.swift = (ios, );
				Utilities/MentionTextEditorViewModel.swift = (ios, );
			};
			target = 184A63CA2D88CBA000860D6B /* Splajompy */;
		};
		18A5873F2E204DD700436724 /* Exceptions for "Assets" folder in "Splajompy" target */ = {
			isa = PBXFileSystemSynchronizedBuildFileExceptionSet;
			platformFiltersByRelativePath = {
				"Launch Screen.storyboard" = (ios, );
			};
			target = 184A63CA2D88CBA000860D6B /* Splajompy */;
		};
/* End PBXFileSystemSynchronizedBuildFileExceptionSet section */

/* Begin PBXFileSystemSynchronizedRootGroup section */
		184A63CD2D88CBA100860D6B /* Splajompy */ = {
			isa = PBXFileSystemSynchronizedRootGroup;
			exceptions = (
				181F41AC2D9B32AB00FCF763 /* Exceptions for "Splajompy" folder in "Splajompy" target */,
			);
			path = Splajompy;
			sourceTree = "<group>";
		};
		187F00462D95DBE800BE80DF /* Assets */ = {
			isa = PBXFileSystemSynchronizedRootGroup;
			exceptions = (
				18A5873F2E204DD700436724 /* Exceptions for "Assets" folder in "Splajompy" target */,
			);
			path = Assets;
			sourceTree = "<group>";
		};
/* End PBXFileSystemSynchronizedRootGroup section */

/* Begin PBXFrameworksBuildPhase section */
		184A63C82D88CBA000860D6B /* Frameworks */ = {
			isa = PBXFrameworksBuildPhase;
			buildActionMask = 2147483647;
			files = (
				18E435E82DB29069003A0999 /* Kingfisher in Frameworks */,
				187974BA2DDC1EE300BA0F37 /* PostHog in Frameworks */,
			);
			runOnlyForDeploymentPostprocessing = 0;
		};
		184A63D82D88CBA200860D6B /* Frameworks */ = {
			isa = PBXFrameworksBuildPhase;
			buildActionMask = 2147483647;
			files = (
			);
			runOnlyForDeploymentPostprocessing = 0;
		};
		184A63E22D88CBA200860D6B /* Frameworks */ = {
			isa = PBXFrameworksBuildPhase;
			buildActionMask = 2147483647;
			files = (
			);
			runOnlyForDeploymentPostprocessing = 0;
		};
/* End PBXFrameworksBuildPhase section */

/* Begin PBXGroup section */
		184A63C22D88CBA000860D6B = {
			isa = PBXGroup;
			children = (
				187F00462D95DBE800BE80DF /* Assets */,
				184A63CD2D88CBA100860D6B /* Splajompy */,
				184A63CC2D88CBA100860D6B /* Products */,
				18A617E62D9B2D6000B93F08 /* Splajompy */,
				18E435E62DB29069003A0999 /* Frameworks */,
			);
			sourceTree = "<group>";
		};
		184A63CC2D88CBA100860D6B /* Products */ = {
			isa = PBXGroup;
			children = (
				184A63CB2D88CBA100860D6B /* Splajompy.app */,
				184A63DB2D88CBA200860D6B /* SplajompyTests.xctest */,
				184A63E52D88CBA200860D6B /* SplajompyUITests.xctest */,
			);
			name = Products;
			sourceTree = "<group>";
		};
		18A617D12D9B2D6000B93F08 /* Authentication */ = {
			isa = PBXGroup;
			children = (
				18A617CF2D9B2D6000B93F08 /* LoginView.swift */,
				18A617D02D9B2D6000B93F08 /* RegistrationView.swift */,
			);
			path = Authentication;
			sourceTree = "<group>";
		};
		18A617D42D9B2D6000B93F08 /* Comments */ = {
			isa = PBXGroup;
			children = (
				18A617D22D9B2D6000B93F08 /* CommentsView.swift */,
				18A617D32D9B2D6000B93F08 /* CommentViewModel.swift */,
			);
			path = Comments;
			sourceTree = "<group>";
		};
		18A617D82D9B2D6000B93F08 /* Extensions */ = {
			isa = PBXGroup;
			children = (
				18A617D52D9B2D6000B93F08 /* APIService.swift */,
				18A617D62D9B2D6000B93F08 /* AuthManager.swift */,
				18A617D72D9B2D6000B93F08 /* KeychainHelper.swift */,
			);
			path = Extensions;
			sourceTree = "<group>";
		};
		18A617DB2D9B2D6000B93F08 /* Feed */ = {
			isa = PBXGroup;
			children = (
				18A617D92D9B2D6000B93F08 /* FeedView.swift */,
				18A617DA2D9B2D6000B93F08 /* FeedViewModel.swift */,
			);
			path = Feed;
			sourceTree = "<group>";
		};
		18A617DD2D9B2D6000B93F08 /* Models */ = {
			isa = PBXGroup;
			children = (
				18A617DC2D9B2D6000B93F08 /* models.swift */,
			);
			path = Models;
			sourceTree = "<group>";
		};
		18A617E02D9B2D6000B93F08 /* Posts */ = {
			isa = PBXGroup;
			children = (
				18A617DE2D9B2D6000B93F08 /* ImageCarousel.swift */,
				18A617DF2D9B2D6000B93F08 /* PostView.swift */,
			);
			path = Posts;
			sourceTree = "<group>";
		};
		18A617E32D9B2D6000B93F08 /* Profile */ = {
			isa = PBXGroup;
			children = (
				18A617E12D9B2D6000B93F08 /* ProfileView.swift */,
				18A617E22D9B2D6000B93F08 /* ProfileViewModel.swift */,
			);
			path = Profile;
			sourceTree = "<group>";
		};
		18A617E62D9B2D6000B93F08 /* Splajompy */ = {
			isa = PBXGroup;
			children = (
				18A617D12D9B2D6000B93F08 /* Authentication */,
				18A617D42D9B2D6000B93F08 /* Comments */,
				18A617D82D9B2D6000B93F08 /* Extensions */,
				18A617DB2D9B2D6000B93F08 /* Feed */,
				18A617DD2D9B2D6000B93F08 /* Models */,
				18A617E02D9B2D6000B93F08 /* Posts */,
				18A617E32D9B2D6000B93F08 /* Profile */,
				18A617E42D9B2D6000B93F08 /* Preview Content.xcassets */,
				18A617E52D9B2D6000B93F08 /* SplajompyApp.swift */,
			);
			path = Splajompy;
			sourceTree = "<group>";
		};
		18E435E62DB29069003A0999 /* Frameworks */ = {
			isa = PBXGroup;
			children = (
			);
			name = Frameworks;
			sourceTree = "<group>";
		};
/* End PBXGroup section */

/* Begin PBXNativeTarget section */
		184A63CA2D88CBA000860D6B /* Splajompy */ = {
			isa = PBXNativeTarget;
			buildConfigurationList = 184A63EF2D88CBA200860D6B /* Build configuration list for PBXNativeTarget "Splajompy" */;
			buildPhases = (
				184A63C72D88CBA000860D6B /* Sources */,
				184A63C82D88CBA000860D6B /* Frameworks */,
				184A63C92D88CBA000860D6B /* Resources */,
			);
			buildRules = (
			);
			dependencies = (
			);
			fileSystemSynchronizedGroups = (
				184A63CD2D88CBA100860D6B /* Splajompy */,
				187F00462D95DBE800BE80DF /* Assets */,
			);
			name = Splajompy;
			packageProductDependencies = (
				18E435E72DB29069003A0999 /* Kingfisher */,
				187974B92DDC1EE300BA0F37 /* PostHog */,
			);
			productName = Splajompy;
			productReference = 184A63CB2D88CBA100860D6B /* Splajompy.app */;
			productType = "com.apple.product-type.application";
		};
		184A63DA2D88CBA200860D6B /* SplajompyTests */ = {
			isa = PBXNativeTarget;
			buildConfigurationList = 184A63F22D88CBA200860D6B /* Build configuration list for PBXNativeTarget "SplajompyTests" */;
			buildPhases = (
				184A63D72D88CBA200860D6B /* Sources */,
				184A63D82D88CBA200860D6B /* Frameworks */,
				184A63D92D88CBA200860D6B /* Resources */,
			);
			buildRules = (
			);
			dependencies = (
				184A63DD2D88CBA200860D6B /* PBXTargetDependency */,
			);
			name = SplajompyTests;
			packageProductDependencies = (
			);
			productName = SplajompyTests;
			productReference = 184A63DB2D88CBA200860D6B /* SplajompyTests.xctest */;
			productType = "com.apple.product-type.bundle.unit-test";
		};
		184A63E42D88CBA200860D6B /* SplajompyUITests */ = {
			isa = PBXNativeTarget;
			buildConfigurationList = 184A63F52D88CBA200860D6B /* Build configuration list for PBXNativeTarget "SplajompyUITests" */;
			buildPhases = (
				184A63E12D88CBA200860D6B /* Sources */,
				184A63E22D88CBA200860D6B /* Frameworks */,
				184A63E32D88CBA200860D6B /* Resources */,
			);
			buildRules = (
			);
			dependencies = (
				184A63E72D88CBA200860D6B /* PBXTargetDependency */,
			);
			name = SplajompyUITests;
			packageProductDependencies = (
			);
			productName = SplajompyUITests;
			productReference = 184A63E52D88CBA200860D6B /* SplajompyUITests.xctest */;
			productType = "com.apple.product-type.bundle.ui-testing";
		};
/* End PBXNativeTarget section */

/* Begin PBXProject section */
		184A63C32D88CBA000860D6B /* Project object */ = {
			isa = PBXProject;
			attributes = {
				BuildIndependentTargetsInParallel = 1;
				LastSwiftUpdateCheck = 1620;
				LastUpgradeCheck = 1630;
				TargetAttributes = {
					184A63CA2D88CBA000860D6B = {
						CreatedOnToolsVersion = 16.2;
					};
					184A63DA2D88CBA200860D6B = {
						CreatedOnToolsVersion = 16.2;
						TestTargetID = 184A63CA2D88CBA000860D6B;
					};
					184A63E42D88CBA200860D6B = {
						CreatedOnToolsVersion = 16.2;
						TestTargetID = 184A63CA2D88CBA000860D6B;
					};
				};
			};
			buildConfigurationList = 184A63C62D88CBA000860D6B /* Build configuration list for PBXProject "Splajompy" */;
			developmentRegion = en;
			hasScannedForEncodings = 0;
			knownRegions = (
				en,
				Base,
			);
			mainGroup = 184A63C22D88CBA000860D6B;
			minimizedProjectReferenceProxies = 1;
			packageReferences = (
				18E435E52DB28FF5003A0999 /* XCRemoteSwiftPackageReference "Kingfisher" */,
				187974B82DDC1EE300BA0F37 /* XCRemoteSwiftPackageReference "posthog-ios" */,
			);
			preferredProjectObjectVersion = 77;
			productRefGroup = 184A63CC2D88CBA100860D6B /* Products */;
			projectDirPath = "";
			projectRoot = "";
			targets = (
				184A63CA2D88CBA000860D6B /* Splajompy */,
				184A63DA2D88CBA200860D6B /* SplajompyTests */,
				184A63E42D88CBA200860D6B /* SplajompyUITests */,
			);
		};
/* End PBXProject section */

/* Begin PBXResourcesBuildPhase section */
		184A63C92D88CBA000860D6B /* Resources */ = {
			isa = PBXResourcesBuildPhase;
			buildActionMask = 2147483647;
			files = (
			);
			runOnlyForDeploymentPostprocessing = 0;
		};
		184A63D92D88CBA200860D6B /* Resources */ = {
			isa = PBXResourcesBuildPhase;
			buildActionMask = 2147483647;
			files = (
			);
			runOnlyForDeploymentPostprocessing = 0;
		};
		184A63E32D88CBA200860D6B /* Resources */ = {
			isa = PBXResourcesBuildPhase;
			buildActionMask = 2147483647;
			files = (
			);
			runOnlyForDeploymentPostprocessing = 0;
		};
/* End PBXResourcesBuildPhase section */

/* Begin PBXSourcesBuildPhase section */
		184A63C72D88CBA000860D6B /* Sources */ = {
			isa = PBXSourcesBuildPhase;
			buildActionMask = 2147483647;
			files = (
				18A617E92D9B2D6000B93F08 /* FeedViewModel.swift in Sources */,
				18A617EA2D9B2D6000B93F08 /* AuthManager.swift in Sources */,
				18A617EB2D9B2D6000B93F08 /* KeychainHelper.swift in Sources */,
				18A617EC2D9B2D6000B93F08 /* SplajompyApp.swift in Sources */,
				18A617ED2D9B2D6000B93F08 /* ProfileViewModel.swift in Sources */,
				18A617EE2D9B2D6000B93F08 /* models.swift in Sources */,
				18A617F02D9B2D6000B93F08 /* LoginView.swift in Sources */,
				18A617F12D9B2D6000B93F08 /* PostView.swift in Sources */,
			);
			runOnlyForDeploymentPostprocessing = 0;
		};
		184A63D72D88CBA200860D6B /* Sources */ = {
			isa = PBXSourcesBuildPhase;
			buildActionMask = 2147483647;
			files = (
			);
			runOnlyForDeploymentPostprocessing = 0;
		};
		184A63E12D88CBA200860D6B /* Sources */ = {
			isa = PBXSourcesBuildPhase;
			buildActionMask = 2147483647;
			files = (
			);
			runOnlyForDeploymentPostprocessing = 0;
		};
/* End PBXSourcesBuildPhase section */

/* Begin PBXTargetDependency section */
		184A63DD2D88CBA200860D6B /* PBXTargetDependency */ = {
			isa = PBXTargetDependency;
			target = 184A63CA2D88CBA000860D6B /* Splajompy */;
			targetProxy = 184A63DC2D88CBA200860D6B /* PBXContainerItemProxy */;
		};
		184A63E72D88CBA200860D6B /* PBXTargetDependency */ = {
			isa = PBXTargetDependency;
			target = 184A63CA2D88CBA000860D6B /* Splajompy */;
			targetProxy = 184A63E62D88CBA200860D6B /* PBXContainerItemProxy */;
		};
/* End PBXTargetDependency section */

/* Begin XCBuildConfiguration section */
		184A63ED2D88CBA200860D6B /* Debug */ = {
			isa = XCBuildConfiguration;
			buildSettings = {
				ALWAYS_SEARCH_USER_PATHS = NO;
				ASSETCATALOG_COMPILER_GENERATE_SWIFT_ASSET_SYMBOL_EXTENSIONS = YES;
				CLANG_ANALYZER_NONNULL = YES;
				CLANG_ANALYZER_NUMBER_OBJECT_CONVERSION = YES_AGGRESSIVE;
				CLANG_CXX_LANGUAGE_STANDARD = "gnu++20";
				CLANG_ENABLE_MODULES = YES;
				CLANG_ENABLE_OBJC_ARC = YES;
				CLANG_ENABLE_OBJC_WEAK = YES;
				CLANG_WARN_BLOCK_CAPTURE_AUTORELEASING = YES;
				CLANG_WARN_BOOL_CONVERSION = YES;
				CLANG_WARN_COMMA = YES;
				CLANG_WARN_CONSTANT_CONVERSION = YES;
				CLANG_WARN_DEPRECATED_OBJC_IMPLEMENTATIONS = YES;
				CLANG_WARN_DIRECT_OBJC_ISA_USAGE = YES_ERROR;
				CLANG_WARN_DOCUMENTATION_COMMENTS = YES;
				CLANG_WARN_EMPTY_BODY = YES;
				CLANG_WARN_ENUM_CONVERSION = YES;
				CLANG_WARN_INFINITE_RECURSION = YES;
				CLANG_WARN_INT_CONVERSION = YES;
				CLANG_WARN_NON_LITERAL_NULL_CONVERSION = YES;
				CLANG_WARN_OBJC_IMPLICIT_RETAIN_SELF = YES;
				CLANG_WARN_OBJC_LITERAL_CONVERSION = YES;
				CLANG_WARN_OBJC_ROOT_CLASS = YES_ERROR;
				CLANG_WARN_QUOTED_INCLUDE_IN_FRAMEWORK_HEADER = YES;
				CLANG_WARN_RANGE_LOOP_ANALYSIS = YES;
				CLANG_WARN_STRICT_PROTOTYPES = YES;
				CLANG_WARN_SUSPICIOUS_MOVE = YES;
				CLANG_WARN_UNGUARDED_AVAILABILITY = YES_AGGRESSIVE;
				CLANG_WARN_UNREACHABLE_CODE = YES;
				CLANG_WARN__DUPLICATE_METHOD_MATCH = YES;
				COPY_PHASE_STRIP = NO;
				DEBUG_INFORMATION_FORMAT = dwarf;
				ENABLE_STRICT_OBJC_MSGSEND = YES;
				ENABLE_TESTABILITY = YES;
				ENABLE_USER_SCRIPT_SANDBOXING = YES;
				GCC_C_LANGUAGE_STANDARD = gnu17;
				GCC_DYNAMIC_NO_PIC = NO;
				GCC_NO_COMMON_BLOCKS = YES;
				GCC_OPTIMIZATION_LEVEL = 0;
				GCC_PREPROCESSOR_DEFINITIONS = (
					"DEBUG=1",
					"$(inherited)",
				);
				GCC_WARN_64_TO_32_BIT_CONVERSION = YES;
				GCC_WARN_ABOUT_RETURN_TYPE = YES_ERROR;
				GCC_WARN_UNDECLARED_SELECTOR = YES;
				GCC_WARN_UNINITIALIZED_AUTOS = YES_AGGRESSIVE;
				GCC_WARN_UNUSED_FUNCTION = YES;
				GCC_WARN_UNUSED_VARIABLE = YES;
				IPHONEOS_DEPLOYMENT_TARGET = 18.2;
				LOCALIZATION_PREFERS_STRING_CATALOGS = YES;
				MTL_ENABLE_DEBUG_INFO = INCLUDE_SOURCE;
				MTL_FAST_MATH = YES;
				ONLY_ACTIVE_ARCH = YES;
				SDKROOT = iphoneos;
				SWIFT_ACTIVE_COMPILATION_CONDITIONS = "DEBUG $(inherited)";
				SWIFT_OPTIMIZATION_LEVEL = "-Onone";
			};
			name = Debug;
		};
		184A63EE2D88CBA200860D6B /* Release */ = {
			isa = XCBuildConfiguration;
			buildSettings = {
				ALWAYS_SEARCH_USER_PATHS = NO;
				ASSETCATALOG_COMPILER_GENERATE_SWIFT_ASSET_SYMBOL_EXTENSIONS = YES;
				CLANG_ANALYZER_NONNULL = YES;
				CLANG_ANALYZER_NUMBER_OBJECT_CONVERSION = YES_AGGRESSIVE;
				CLANG_CXX_LANGUAGE_STANDARD = "gnu++20";
				CLANG_ENABLE_MODULES = YES;
				CLANG_ENABLE_OBJC_ARC = YES;
				CLANG_ENABLE_OBJC_WEAK = YES;
				CLANG_WARN_BLOCK_CAPTURE_AUTORELEASING = YES;
				CLANG_WARN_BOOL_CONVERSION = YES;
				CLANG_WARN_COMMA = YES;
				CLANG_WARN_CONSTANT_CONVERSION = YES;
				CLANG_WARN_DEPRECATED_OBJC_IMPLEMENTATIONS = YES;
				CLANG_WARN_DIRECT_OBJC_ISA_USAGE = YES_ERROR;
				CLANG_WARN_DOCUMENTATION_COMMENTS = YES;
				CLANG_WARN_EMPTY_BODY = YES;
				CLANG_WARN_ENUM_CONVERSION = YES;
				CLANG_WARN_INFINITE_RECURSION = YES;
				CLANG_WARN_INT_CONVERSION = YES;
				CLANG_WARN_NON_LITERAL_NULL_CONVERSION = YES;
				CLANG_WARN_OBJC_IMPLICIT_RETAIN_SELF = YES;
				CLANG_WARN_OBJC_LITERAL_CONVERSION = YES;
				CLANG_WARN_OBJC_ROOT_CLASS = YES_ERROR;
				CLANG_WARN_QUOTED_INCLUDE_IN_FRAMEWORK_HEADER = YES;
				CLANG_WARN_RANGE_LOOP_ANALYSIS = YES;
				CLANG_WARN_STRICT_PROTOTYPES = YES;
				CLANG_WARN_SUSPICIOUS_MOVE = YES;
				CLANG_WARN_UNGUARDED_AVAILABILITY = YES_AGGRESSIVE;
				CLANG_WARN_UNREACHABLE_CODE = YES;
				CLANG_WARN__DUPLICATE_METHOD_MATCH = YES;
				COPY_PHASE_STRIP = NO;
				DEBUG_INFORMATION_FORMAT = "dwarf-with-dsym";
				ENABLE_NS_ASSERTIONS = NO;
				ENABLE_STRICT_OBJC_MSGSEND = YES;
				ENABLE_USER_SCRIPT_SANDBOXING = YES;
				GCC_C_LANGUAGE_STANDARD = gnu17;
				GCC_NO_COMMON_BLOCKS = YES;
				GCC_WARN_64_TO_32_BIT_CONVERSION = YES;
				GCC_WARN_ABOUT_RETURN_TYPE = YES_ERROR;
				GCC_WARN_UNDECLARED_SELECTOR = YES;
				GCC_WARN_UNINITIALIZED_AUTOS = YES_AGGRESSIVE;
				GCC_WARN_UNUSED_FUNCTION = YES;
				GCC_WARN_UNUSED_VARIABLE = YES;
				IPHONEOS_DEPLOYMENT_TARGET = 18.2;
				LOCALIZATION_PREFERS_STRING_CATALOGS = YES;
				MTL_ENABLE_DEBUG_INFO = NO;
				MTL_FAST_MATH = YES;
				SDKROOT = iphoneos;
				SWIFT_COMPILATION_MODE = wholemodule;
				VALIDATE_PRODUCT = YES;
			};
			name = Release;
		};
		184A63F02D88CBA200860D6B /* Debug */ = {
			isa = XCBuildConfiguration;
			baseConfigurationReferenceAnchor = 184A63CD2D88CBA100860D6B /* Splajompy */;
			baseConfigurationReferenceRelativePath = Configuration/Debug.xcconfig;
			buildSettings = {
				ASSETCATALOG_COMPILER_APPICON_NAME = AppIcon;
				ASSETCATALOG_COMPILER_GLOBAL_ACCENT_COLOR_NAME = AccentColor;
				ASSETCATALOG_COMPILER_INCLUDE_ALL_APPICON_ASSETS = YES;
				CODE_SIGN_ENTITLEMENTS = Splajompy/SplajompyDebug.entitlements;
				CODE_SIGN_STYLE = Automatic;
				CURRENT_PROJECT_VERSION = 1;
				DEVELOPMENT_ASSET_PATHS = "";
				DEVELOPMENT_TEAM = SVQUQ3H75J;
				ENABLE_PREVIEWS = YES;
				GENERATE_INFOPLIST_FILE = YES;
				INFOPLIST_FILE = Splajompy/Info.plist;
				INFOPLIST_KEY_CFBundleDisplayName = Splajompy;
				INFOPLIST_KEY_ITSAppUsesNonExemptEncryption = NO;
				INFOPLIST_KEY_LSApplicationCategoryType = "public.app-category.social-networking";
				INFOPLIST_KEY_UIApplicationSceneManifest_Generation = YES;
				INFOPLIST_KEY_UIApplicationSupportsIndirectInputEvents = YES;
				INFOPLIST_KEY_UILaunchStoryboardName = "Launch Screen.storyboard";
				INFOPLIST_KEY_UIStatusBarStyle = "";
				INFOPLIST_KEY_UISupportedInterfaceOrientations = UIInterfaceOrientationPortrait;
				INFOPLIST_KEY_UISupportedInterfaceOrientations_iPad = "UIInterfaceOrientationLandscapeLeft UIInterfaceOrientationLandscapeRight UIInterfaceOrientationPortrait UIInterfaceOrientationPortraitUpsideDown";
				IPHONEOS_DEPLOYMENT_TARGET = 17.0;
				LD_RUNPATH_SEARCH_PATHS = (
					"$(inherited)",
					"@executable_path/Frameworks",
				);
				MARKETING_VERSION = 1.3.0;
				PRODUCT_BUNDLE_IDENTIFIER = splajompy.com.Splajompy.devW;
				PRODUCT_NAME = "$(TARGET_NAME)";
				REGISTER_APP_GROUPS = YES;
				SUPPORTED_PLATFORMS = "iphoneos iphonesimulator macosx";
				SUPPORTS_MACCATALYST = NO;
				SUPPORTS_MAC_DESIGNED_FOR_IPHONE_IPAD = NO;
				SUPPORTS_XR_DESIGNED_FOR_IPHONE_IPAD = NO;
				SWIFT_EMIT_LOC_STRINGS = YES;
				SWIFT_STRICT_CONCURRENCY = complete;
				SWIFT_VERSION = 6.0;
				TARGETED_DEVICE_FAMILY = 1;
			};
			name = Debug;
		};
		184A63F12D88CBA200860D6B /* Release */ = {
			isa = XCBuildConfiguration;
			baseConfigurationReferenceAnchor = 184A63CD2D88CBA100860D6B /* Splajompy */;
			baseConfigurationReferenceRelativePath = Configuration/Release.xcconfig;
			buildSettings = {
				ASSETCATALOG_COMPILER_APPICON_NAME = AppIcon;
				ASSETCATALOG_COMPILER_GLOBAL_ACCENT_COLOR_NAME = AccentColor;
				ASSETCATALOG_COMPILER_INCLUDE_ALL_APPICON_ASSETS = YES;
				CODE_SIGN_ENTITLEMENTS = Splajompy/Splajompy.entitlements;
				CODE_SIGN_STYLE = Automatic;
				CURRENT_PROJECT_VERSION = 1;
				DEVELOPMENT_ASSET_PATHS = "";
				DEVELOPMENT_TEAM = SVQUQ3H75J;
				ENABLE_PREVIEWS = YES;
				GENERATE_INFOPLIST_FILE = YES;
				INFOPLIST_FILE = Splajompy/Info.plist;
				INFOPLIST_KEY_CFBundleDisplayName = Splajompy;
				INFOPLIST_KEY_ITSAppUsesNonExemptEncryption = NO;
				INFOPLIST_KEY_LSApplicationCategoryType = "public.app-category.social-networking";
				INFOPLIST_KEY_UIApplicationSceneManifest_Generation = YES;
				INFOPLIST_KEY_UIApplicationSupportsIndirectInputEvents = YES;
				INFOPLIST_KEY_UILaunchStoryboardName = "Launch Screen.storyboard";
				INFOPLIST_KEY_UIStatusBarStyle = "";
				INFOPLIST_KEY_UISupportedInterfaceOrientations = UIInterfaceOrientationPortrait;
				INFOPLIST_KEY_UISupportedInterfaceOrientations_iPad = "UIInterfaceOrientationLandscapeLeft UIInterfaceOrientationLandscapeRight UIInterfaceOrientationPortrait UIInterfaceOrientationPortraitUpsideDown";
				IPHONEOS_DEPLOYMENT_TARGET = 17.0;
				LD_RUNPATH_SEARCH_PATHS = (
					"$(inherited)",
					"@executable_path/Frameworks",
				);
				MARKETING_VERSION = 1.3.0;
				PRODUCT_BUNDLE_IDENTIFIER = splajompy.com.Splajompy;
				PRODUCT_NAME = "$(TARGET_NAME)";
				REGISTER_APP_GROUPS = YES;
				SUPPORTED_PLATFORMS = "iphoneos iphonesimulator macosx";
				SUPPORTS_MACCATALYST = NO;
				SUPPORTS_MAC_DESIGNED_FOR_IPHONE_IPAD = NO;
				SUPPORTS_XR_DESIGNED_FOR_IPHONE_IPAD = NO;
				SWIFT_EMIT_LOC_STRINGS = YES;
				SWIFT_STRICT_CONCURRENCY = complete;
				SWIFT_VERSION = 6.0;
				TARGETED_DEVICE_FAMILY = 1;
			};
			name = Release;
		};
		184A63F32D88CBA200860D6B /* Debug */ = {
			isa = XCBuildConfiguration;
			buildSettings = {
				BUNDLE_LOADER = "$(TEST_HOST)";
				CODE_SIGN_STYLE = Automatic;
				CURRENT_PROJECT_VERSION = 1;
				GENERATE_INFOPLIST_FILE = YES;
				IPHONEOS_DEPLOYMENT_TARGET = 18.2;
				MARKETING_VERSION = 1.0;
				PRODUCT_BUNDLE_IDENTIFIER = splajompy.com.SplajompyTests;
				PRODUCT_NAME = "$(TARGET_NAME)";
				SWIFT_EMIT_LOC_STRINGS = NO;
				SWIFT_VERSION = 5.0;
				TARGETED_DEVICE_FAMILY = "1,2";
				TEST_HOST = "$(BUILT_PRODUCTS_DIR)/Splajompy.app/$(BUNDLE_EXECUTABLE_FOLDER_PATH)/Splajompy";
			};
			name = Debug;
		};
		184A63F42D88CBA200860D6B /* Release */ = {
			isa = XCBuildConfiguration;
			buildSettings = {
				BUNDLE_LOADER = "$(TEST_HOST)";
				CODE_SIGN_STYLE = Automatic;
				CURRENT_PROJECT_VERSION = 1;
				GENERATE_INFOPLIST_FILE = YES;
				IPHONEOS_DEPLOYMENT_TARGET = 18.2;
				MARKETING_VERSION = 1.0;
				PRODUCT_BUNDLE_IDENTIFIER = splajompy.com.SplajompyTests;
				PRODUCT_NAME = "$(TARGET_NAME)";
				SWIFT_EMIT_LOC_STRINGS = NO;
				SWIFT_VERSION = 5.0;
				TARGETED_DEVICE_FAMILY = "1,2";
				TEST_HOST = "$(BUILT_PRODUCTS_DIR)/Splajompy.app/$(BUNDLE_EXECUTABLE_FOLDER_PATH)/Splajompy";
			};
			name = Release;
		};
		184A63F62D88CBA200860D6B /* Debug */ = {
			isa = XCBuildConfiguration;
			buildSettings = {
				CODE_SIGN_STYLE = Automatic;
				CURRENT_PROJECT_VERSION = 1;
				GENERATE_INFOPLIST_FILE = YES;
				MARKETING_VERSION = 1.0;
				PRODUCT_BUNDLE_IDENTIFIER = splajompy.com.SplajompyUITests;
				PRODUCT_NAME = "$(TARGET_NAME)";
				SWIFT_EMIT_LOC_STRINGS = NO;
				SWIFT_VERSION = 5.0;
				TARGETED_DEVICE_FAMILY = "1,2";
				TEST_TARGET_NAME = Splajompy;
			};
			name = Debug;
		};
		184A63F72D88CBA200860D6B /* Release */ = {
			isa = XCBuildConfiguration;
			buildSettings = {
				CODE_SIGN_STYLE = Automatic;
				CURRENT_PROJECT_VERSION = 1;
				GENERATE_INFOPLIST_FILE = YES;
				MARKETING_VERSION = 1.0;
				PRODUCT_BUNDLE_IDENTIFIER = splajompy.com.SplajompyUITests;
				PRODUCT_NAME = "$(TARGET_NAME)";
				SWIFT_EMIT_LOC_STRINGS = NO;
				SWIFT_VERSION = 5.0;
				TARGETED_DEVICE_FAMILY = "1,2";
				TEST_TARGET_NAME = Splajompy;
			};
			name = Release;
		};
/* End XCBuildConfiguration section */

/* Begin XCConfigurationList section */
		184A63C62D88CBA000860D6B /* Build configuration list for PBXProject "Splajompy" */ = {
			isa = XCConfigurationList;
			buildConfigurations = (
				184A63ED2D88CBA200860D6B /* Debug */,
				184A63EE2D88CBA200860D6B /* Release */,
			);
			defaultConfigurationIsVisible = 0;
			defaultConfigurationName = Release;
		};
		184A63EF2D88CBA200860D6B /* Build configuration list for PBXNativeTarget "Splajompy" */ = {
			isa = XCConfigurationList;
			buildConfigurations = (
				184A63F02D88CBA200860D6B /* Debug */,
				184A63F12D88CBA200860D6B /* Release */,
			);
			defaultConfigurationIsVisible = 0;
			defaultConfigurationName = Release;
		};
		184A63F22D88CBA200860D6B /* Build configuration list for PBXNativeTarget "SplajompyTests" */ = {
			isa = XCConfigurationList;
			buildConfigurations = (
				184A63F32D88CBA200860D6B /* Debug */,
				184A63F42D88CBA200860D6B /* Release */,
			);
			defaultConfigurationIsVisible = 0;
			defaultConfigurationName = Release;
		};
		184A63F52D88CBA200860D6B /* Build configuration list for PBXNativeTarget "SplajompyUITests" */ = {
			isa = XCConfigurationList;
			buildConfigurations = (
				184A63F62D88CBA200860D6B /* Debug */,
				184A63F72D88CBA200860D6B /* Release */,
			);
			defaultConfigurationIsVisible = 0;
			defaultConfigurationName = Release;
		};
/* End XCConfigurationList section */

/* Begin XCRemoteSwiftPackageReference section */
		187974B82DDC1EE300BA0F37 /* XCRemoteSwiftPackageReference "posthog-ios" */ = {
			isa = XCRemoteSwiftPackageReference;
			repositoryURL = "https://github.com/PostHog/posthog-ios.git";
			requirement = {
				kind = upToNextMajorVersion;
				minimumVersion = 3.25.1;
			};
		};
		18E435E52DB28FF5003A0999 /* XCRemoteSwiftPackageReference "Kingfisher" */ = {
			isa = XCRemoteSwiftPackageReference;
			repositoryURL = "https://github.com/onevcat/Kingfisher.git";
			requirement = {
				kind = upToNextMajorVersion;
				minimumVersion = 8.3.2;
			};
		};
/* End XCRemoteSwiftPackageReference section */

/* Begin XCSwiftPackageProductDependency section */
		187974B92DDC1EE300BA0F37 /* PostHog */ = {
			isa = XCSwiftPackageProductDependency;
			package = 187974B82DDC1EE300BA0F37 /* XCRemoteSwiftPackageReference "posthog-ios" */;
			productName = PostHog;
		};
		18E435E72DB29069003A0999 /* Kingfisher */ = {
			isa = XCSwiftPackageProductDependency;
			package = 18E435E52DB28FF5003A0999 /* XCRemoteSwiftPackageReference "Kingfisher" */;
			productName = Kingfisher;
		};
/* End XCSwiftPackageProductDependency section */
	};
	rootObject = 184A63C32D88CBA000860D6B /* Project object */;
}
