{
  "originHash" : "fe2b2f0aedaea3d65ff2bec31a93a2804f20618b0592cd75319aad6eca4f98be",
  "pins" : [
    {
      "identity" : "kingfisher",
      "kind" : "remoteSourceControl",
      "location" : "https://github.com/onevcat/Kingfisher.git",
      "state" : {
        "revision" : "2015fda791daa72c8058619545a593bf8c1dd59f",
        "version" : "8.5.0"
      }
    },
    {
      "identity" : "posthog-ios",
      "kind" : "remoteSourceControl",
      "location" : "https://github.com/PostHog/posthog-ios.git",
      "state" : {
        "revision" : "784145ddd2f7de3a6d6fcce0e50c04f29d33b338",
        "version" : "3.28.2"
      }
    }
  ],
  "version" : 3
}
