{
  "originHash" : "fe2b2f0aedaea3d65ff2bec31a93a2804f20618b0592cd75319aad6eca4f98be",
  "pins" : [
    {
      "identity" : "kingfisher",
      "kind" : "remoteSourceControl",
      "location" : "https://github.com/onevcat/Kingfisher.git",
      "state" : {
        "revision" : "010a06c4387cea2d13606222b6c08e0454e6dd2d",
        "version" : "8.3.3"
      }
    },
    {
      "identity" : "posthog-ios",
      "kind" : "remoteSourceControl",
      "location" : "https://github.com/PostHog/posthog-ios.git",
      "state" : {
        "revision" : "acce759e8f2fb3d8a598009a4ec980157931eae4",
        "version" : "3.28.1"
      }
    }
  ],
  "version" : 3
}
